// !$*UTF8*$!
{
	archiveVersion = 1;
	classes = {
	};
	objectVersion = 51;
	objects = {

/* Begin PBXBuildFile section */
		080C973524163773008073D4 /* MainViewController.swift in Sources */ = {isa = PBXBuildFile; fileRef = 080C973424163773008073D4 /* MainViewController.swift */; };
		080C97372416378C008073D4 /* UIKitViewController.swift in Sources */ = {isa = PBXBuildFile; fileRef = 080C97362416378C008073D4 /* UIKitViewController.swift */; };
		080C973924163797008073D4 /* UnitViewController.swift in Sources */ = {isa = PBXBuildFile; fileRef = 080C973824163797008073D4 /* UnitViewController.swift */; };
		084F473F23D4305F00E12729 /* TabBarViewController.swift in Sources */ = {isa = PBXBuildFile; fileRef = 084F473E23D4305F00E12729 /* TabBarViewController.swift */; };
		084F474123D4339A00E12729 /* AppConfig.swift in Sources */ = {isa = PBXBuildFile; fileRef = 084F474023D4339A00E12729 /* AppConfig.swift */; };
		084F474623D4362900E12729 /* DeviceExtension.swift in Sources */ = {isa = PBXBuildFile; fileRef = 084F474523D4362900E12729 /* DeviceExtension.swift */; };
		084F474823D4502800E12729 /* BaseNavViewController.swift in Sources */ = {isa = PBXBuildFile; fileRef = 084F474723D4502800E12729 /* BaseNavViewController.swift */; };
		084F474A23D45A5C00E12729 /* BaseViewController.swift in Sources */ = {isa = PBXBuildFile; fileRef = 084F474923D45A5C00E12729 /* BaseViewController.swift */; };
		084F474C23D45B5900E12729 /* CustomNavgationView.swift in Sources */ = {isa = PBXBuildFile; fileRef = 084F474B23D45B5900E12729 /* CustomNavgationView.swift */; };
		08AAC25B24F7A1E7000B3044 /* CountdownTimer.swift in Sources */ = {isa = PBXBuildFile; fileRef = 08AAC25A24F7A1E7000B3044 /* CountdownTimer.swift */; };
		08AAC25F24F7ABC0000B3044 /* ColorExtension.swift in Sources */ = {isa = PBXBuildFile; fileRef = 08AAC25E24F7ABC0000B3044 /* ColorExtension.swift */; };
		08AAC27224F7DE35000B3044 /* NetWorkingTool.swift in Sources */ = {isa = PBXBuildFile; fileRef = 08AAC27124F7DE35000B3044 /* NetWorkingTool.swift */; };
		08AAC27624F8FD32000B3044 /* MyactivityTableViewCell.swift in Sources */ = {isa = PBXBuildFile; fileRef = 08AAC27524F8FD32000B3044 /* MyactivityTableViewCell.swift */; };
		08AAC27924F8FFB7000B3044 /* DetailModel.swift in Sources */ = {isa = PBXBuildFile; fileRef = 08AAC27824F8FFB7000B3044 /* DetailModel.swift */; };
		08AAC28C24FC9759000B3044 /* Config.swift in Sources */ = {isa = PBXBuildFile; fileRef = 08AAC28B24FC9759000B3044 /* Config.swift */; };
		08AAC28E24FCA3B0000B3044 /* HomeListCell.swift in Sources */ = {isa = PBXBuildFile; fileRef = 08AAC28D24FCA3B0000B3044 /* HomeListCell.swift */; };
		08AAC29024FCA4A9000B3044 /* HomeListCell.xib in Resources */ = {isa = PBXBuildFile; fileRef = 08AAC28F24FCA4A9000B3044 /* HomeListCell.xib */; };
		08AAC29824FCCDBE000B3044 /* DialogCell.swift in Sources */ = {isa = PBXBuildFile; fileRef = 08AAC29724FCCDBE000B3044 /* DialogCell.swift */; };
		08AAC29A24FCCE0E000B3044 /* DialogCell.xib in Resources */ = {isa = PBXBuildFile; fileRef = 08AAC29924FCCE0E000B3044 /* DialogCell.xib */; };
		08AAC29C24FCCE8D000B3044 /* DialogBaseVC.swift in Sources */ = {isa = PBXBuildFile; fileRef = 08AAC29B24FCCE8D000B3044 /* DialogBaseVC.swift */; };
		08AAC29E24FCCEA2000B3044 /* DialogTestVC.swift in Sources */ = {isa = PBXBuildFile; fileRef = 08AAC29D24FCCEA2000B3044 /* DialogTestVC.swift */; };
		08AAC2A024FCCEB9000B3044 /* DialogInputVC.swift in Sources */ = {isa = PBXBuildFile; fileRef = 08AAC29F24FCCEB9000B3044 /* DialogInputVC.swift */; };
		08AAC2A224FCCF2B000B3044 /* DialogTool.swift in Sources */ = {isa = PBXBuildFile; fileRef = 08AAC2A124FCCF2B000B3044 /* DialogTool.swift */; };
		08AAC2A524FCCFB4000B3044 /* DialogUtil.swift in Sources */ = {isa = PBXBuildFile; fileRef = 08AAC2A424FCCFB4000B3044 /* DialogUtil.swift */; };
		08AAC2A924FCD0D2000B3044 /* DialogNormalView.swift in Sources */ = {isa = PBXBuildFile; fileRef = 08AAC2A824FCD0D2000B3044 /* DialogNormalView.swift */; };
		08AAC2AB24FCD5E5000B3044 /* DialogManager.swift in Sources */ = {isa = PBXBuildFile; fileRef = 08AAC2AA24FCD5E5000B3044 /* DialogManager.swift */; };
		08AAC2AD24FCD6AB000B3044 /* BundleUtil.swift in Sources */ = {isa = PBXBuildFile; fileRef = 08AAC2AC24FCD6AB000B3044 /* BundleUtil.swift */; };
		08AAC2AF24FCD729000B3044 /* DealistConfig.swift in Sources */ = {isa = PBXBuildFile; fileRef = 08AAC2AE24FCD729000B3044 /* DealistConfig.swift */; };
		08AAC2B124FCD88F000B3044 /* ScreenTools.swift in Sources */ = {isa = PBXBuildFile; fileRef = 08AAC2B024FCD88F000B3044 /* ScreenTools.swift */; };
		08AAC2B324FCD9B2000B3044 /* DialogImageView.swift in Sources */ = {isa = PBXBuildFile; fileRef = 08AAC2B224FCD9B2000B3044 /* DialogImageView.swift */; };
		08AAC2B524FCDBFE000B3044 /* DialogInputView.swift in Sources */ = {isa = PBXBuildFile; fileRef = 08AAC2B424FCDBFE000B3044 /* DialogInputView.swift */; };
		08AAC2B724FCDC52000B3044 /* DialogTextView.swift in Sources */ = {isa = PBXBuildFile; fileRef = 08AAC2B624FCDC52000B3044 /* DialogTextView.swift */; };
		08AAC2BA24FCDD76000B3044 /* StringExtension.swift in Sources */ = {isa = PBXBuildFile; fileRef = 08AAC2B924FCDD76000B3044 /* StringExtension.swift */; };
		08AAC2BC24FCDF01000B3044 /* DialogCustomView.swift in Sources */ = {isa = PBXBuildFile; fileRef = 08AAC2BB24FCDF01000B3044 /* DialogCustomView.swift */; };
		08AAC2BE24FCE118000B3044 /* DialogImageVC.swift in Sources */ = {isa = PBXBuildFile; fileRef = 08AAC2BD24FCE118000B3044 /* DialogImageVC.swift */; };
		08AAC2C924FCE67E000B3044 /* ic_toast_success2@3x.png in Resources */ = {isa = PBXBuildFile; fileRef = 08AAC2C024FCE67D000B3044 /* ic_toast_success2@3x.png */; };
		08AAC2CA24FCE67E000B3044 /* icn_icn_fail2.png in Resources */ = {isa = PBXBuildFile; fileRef = 08AAC2C124FCE67E000B3044 /* icn_icn_fail2.png */; };
		08AAC2CB24FCE67E000B3044 /* icn_icn_fail2@3x.png in Resources */ = {isa = PBXBuildFile; fileRef = 08AAC2C224FCE67E000B3044 /* icn_icn_fail2@3x.png */; };
		08AAC2CC24FCE67E000B3044 /* icn_icn_fail2@2x.png in Resources */ = {isa = PBXBuildFile; fileRef = 08AAC2C324FCE67E000B3044 /* icn_icn_fail2@2x.png */; };
		08AAC2CD24FCE67E000B3044 /* ic_toast_success2@2x.png in Resources */ = {isa = PBXBuildFile; fileRef = 08AAC2C424FCE67E000B3044 /* ic_toast_success2@2x.png */; };
		08AAC2CE24FCE67E000B3044 /* ic_toast_success2.png in Resources */ = {isa = PBXBuildFile; fileRef = 08AAC2C524FCE67E000B3044 /* ic_toast_success2.png */; };
		08AAC2D024FCE67E000B3044 /* icon_sign2@2x.png in Resources */ = {isa = PBXBuildFile; fileRef = 08AAC2C724FCE67E000B3044 /* icon_sign2@2x.png */; };
		08AAC2D124FCE67E000B3044 /* icon_sign2@3x.png in Resources */ = {isa = PBXBuildFile; fileRef = 08AAC2C824FCE67E000B3044 /* icon_sign2@3x.png */; };
		08AAC2D424FCE6D7000B3044 /* ic_back_grey@2x.png in Resources */ = {isa = PBXBuildFile; fileRef = 08AAC2D224FCE6D7000B3044 /* ic_back_grey@2x.png */; };
		08AAC2D524FCE6D7000B3044 /* ic_back_grey@3x.png in Resources */ = {isa = PBXBuildFile; fileRef = 08AAC2D324FCE6D7000B3044 /* ic_back_grey@3x.png */; };
		08AAC2D824FCE6E8000B3044 /* ic_new@2x.png in Resources */ = {isa = PBXBuildFile; fileRef = 08AAC2D624FCE6E7000B3044 /* ic_new@2x.png */; };
		08AAC2D924FCE6E8000B3044 /* ic_new@3x.png in Resources */ = {isa = PBXBuildFile; fileRef = 08AAC2D724FCE6E8000B3044 /* ic_new@3x.png */; };
		08AAC2DC24FCE6EE000B3044 /* icn_icn_more@3x.png in Resources */ = {isa = PBXBuildFile; fileRef = 08AAC2DA24FCE6ED000B3044 /* icn_icn_more@3x.png */; };
		08AAC2DD24FCE6EE000B3044 /* icn_icn_more@2x.png in Resources */ = {isa = PBXBuildFile; fileRef = 08AAC2DB24FCE6ED000B3044 /* icn_icn_more@2x.png */; };
		08AAC2DF24FCE6F7000B3044 /* success.png in Resources */ = {isa = PBXBuildFile; fileRef = 08AAC2DE24FCE6F7000B3044 /* success.png */; };
		08AAC2E124FCE705000B3044 /* takePicture.png in Resources */ = {isa = PBXBuildFile; fileRef = 08AAC2E024FCE705000B3044 /* takePicture.png */; };
		08AAC2E424FCE7FB000B3044 /* btn_back@3x.png in Resources */ = {isa = PBXBuildFile; fileRef = 08AAC2E224FCE7FA000B3044 /* btn_back@3x.png */; };
		08AAC2E524FCE7FB000B3044 /* btn_back@2x.png in Resources */ = {isa = PBXBuildFile; fileRef = 08AAC2E324FCE7FB000B3044 /* btn_back@2x.png */; };
		08AAC2E824FCEBEF000B3044 /* ToastTestVC.swift in Sources */ = {isa = PBXBuildFile; fileRef = 08AAC2E724FCEBEF000B3044 /* ToastTestVC.swift */; };
		08AAC2EB24FCEEC2000B3044 /* TextToast.swift in Sources */ = {isa = PBXBuildFile; fileRef = 08AAC2EA24FCEEC2000B3044 /* TextToast.swift */; };
		08AAC2ED24FCEEE9000B3044 /* Toast.swift in Sources */ = {isa = PBXBuildFile; fileRef = 08AAC2EC24FCEEE9000B3044 /* Toast.swift */; };
		08AAC2EF24FCEF61000B3044 /* ToastUtils.swift in Sources */ = {isa = PBXBuildFile; fileRef = 08AAC2EE24FCEF61000B3044 /* ToastUtils.swift */; };
		08AAC2F124FCEFB9000B3044 /* ImageToast.swift in Sources */ = {isa = PBXBuildFile; fileRef = 08AAC2F024FCEFB9000B3044 /* ImageToast.swift */; };
		08AAC2F324FCF09F000B3044 /* ToastManager.swift in Sources */ = {isa = PBXBuildFile; fileRef = 08AAC2F224FCF09F000B3044 /* ToastManager.swift */; };
		08AAC2FE24FCF3B0000B3044 /* icn_icn_fail.png in Resources */ = {isa = PBXBuildFile; fileRef = 08AAC2F524FCF3B0000B3044 /* icn_icn_fail.png */; };
		08AAC2FF24FCF3B0000B3044 /* icn_icn_fail@3x.png in Resources */ = {isa = PBXBuildFile; fileRef = 08AAC2F624FCF3B0000B3044 /* icn_icn_fail@3x.png */; };
		08AAC30024FCF3B0000B3044 /* icn_icn_fail@2x.png in Resources */ = {isa = PBXBuildFile; fileRef = 08AAC2F724FCF3B0000B3044 /* icn_icn_fail@2x.png */; };
		08AAC30124FCF3B0000B3044 /* icon_sign@2x.png in Resources */ = {isa = PBXBuildFile; fileRef = 08AAC2F824FCF3B0000B3044 /* icon_sign@2x.png */; };
		08AAC30224FCF3B0000B3044 /* icon_sign@3x.png in Resources */ = {isa = PBXBuildFile; fileRef = 08AAC2F924FCF3B0000B3044 /* icon_sign@3x.png */; };
		08AAC30324FCF3B0000B3044 /* ic_toast_success.png in Resources */ = {isa = PBXBuildFile; fileRef = 08AAC2FA24FCF3B0000B3044 /* ic_toast_success.png */; };
		08AAC30424FCF3B0000B3044 /* icon_sign.png in Resources */ = {isa = PBXBuildFile; fileRef = 08AAC2FB24FCF3B0000B3044 /* icon_sign.png */; };
		08AAC30524FCF3B0000B3044 /* ic_toast_success@3x.png in Resources */ = {isa = PBXBuildFile; fileRef = 08AAC2FC24FCF3B0000B3044 /* ic_toast_success@3x.png */; };
		08AAC30624FCF3B0000B3044 /* ic_toast_success@2x.png in Resources */ = {isa = PBXBuildFile; fileRef = 08AAC2FD24FCF3B0000B3044 /* ic_toast_success@2x.png */; };
		08AAC30924FCFB26000B3044 /* LoadingTestVC.swift in Sources */ = {isa = PBXBuildFile; fileRef = 08AAC30824FCFB26000B3044 /* LoadingTestVC.swift */; };
		08AAC30B24FCFB83000B3044 /* LoadingWebVC.swift in Sources */ = {isa = PBXBuildFile; fileRef = 08AAC30A24FCFB83000B3044 /* LoadingWebVC.swift */; };
		08AAC30D24FCFBA6000B3044 /* LoadingListVC.swift in Sources */ = {isa = PBXBuildFile; fileRef = 08AAC30C24FCFBA6000B3044 /* LoadingListVC.swift */; };
		08AAC31324FCFFC7000B3044 /* icn_icn_loading@2x.png in Resources */ = {isa = PBXBuildFile; fileRef = 08AAC31024FCFFC7000B3044 /* icn_icn_loading@2x.png */; };
		08AAC31424FCFFC7000B3044 /* icn_icn_loading@3x.png in Resources */ = {isa = PBXBuildFile; fileRef = 08AAC31124FCFFC7000B3044 /* icn_icn_loading@3x.png */; };
		08AAC31524FCFFC7000B3044 /* icn_icn_loading.png in Resources */ = {isa = PBXBuildFile; fileRef = 08AAC31224FCFFC7000B3044 /* icn_icn_loading.png */; };
		08AAC31724FCFFE4000B3044 /* Loading.swift in Sources */ = {isa = PBXBuildFile; fileRef = 08AAC31624FCFFE4000B3044 /* Loading.swift */; };
		08AAC31924FD003A000B3044 /* LoadingGifUtil.swift in Sources */ = {isa = PBXBuildFile; fileRef = 08AAC31824FD003A000B3044 /* LoadingGifUtil.swift */; };
		08AAC31B24FD004D000B3044 /* LoadingFreeUtil.swift in Sources */ = {isa = PBXBuildFile; fileRef = 08AAC31A24FD004D000B3044 /* LoadingFreeUtil.swift */; };
		08AAC31D24FD005D000B3044 /* LoadingWaitUtil.swift in Sources */ = {isa = PBXBuildFile; fileRef = 08AAC31C24FD005D000B3044 /* LoadingWaitUtil.swift */; };
		08AAC31F24FD006C000B3044 /* LoadingNavUtil.swift in Sources */ = {isa = PBXBuildFile; fileRef = 08AAC31E24FD006C000B3044 /* LoadingNavUtil.swift */; };
		08AAC32324FD02B1000B3044 /* RefreshLoadingView.swift in Sources */ = {isa = PBXBuildFile; fileRef = 08AAC32224FD02B1000B3044 /* RefreshLoadingView.swift */; };
		08AAC32524FD02BF000B3044 /* NavProgressView.swift in Sources */ = {isa = PBXBuildFile; fileRef = 08AAC32424FD02BF000B3044 /* NavProgressView.swift */; };
		08AAC32724FD02CF000B3044 /* GifView.swift in Sources */ = {isa = PBXBuildFile; fileRef = 08AAC32624FD02CF000B3044 /* GifView.swift */; };
		08FFAF55238690FE005D299E /* AppDelegate.swift in Sources */ = {isa = PBXBuildFile; fileRef = 08FFAF54238690FE005D299E /* AppDelegate.swift */; };
		08FFAF57238690FE005D299E /* SceneDelegate.swift in Sources */ = {isa = PBXBuildFile; fileRef = 08FFAF56238690FE005D299E /* SceneDelegate.swift */; };
		08FFAF5C238690FE005D299E /* Main.storyboard in Resources */ = {isa = PBXBuildFile; fileRef = 08FFAF5A238690FE005D299E /* Main.storyboard */; };
		08FFAF5F238690FE005D299E /* swiftdemo.xcdatamodeld in Sources */ = {isa = PBXBuildFile; fileRef = 08FFAF5D238690FE005D299E /* swiftdemo.xcdatamodeld */; };
		08FFAF61238690FF005D299E /* Assets.xcassets in Resources */ = {isa = PBXBuildFile; fileRef = 08FFAF60238690FF005D299E /* Assets.xcassets */; };
		08FFAF64238690FF005D299E /* LaunchScreen.storyboard in Resources */ = {isa = PBXBuildFile; fileRef = 08FFAF62238690FF005D299E /* LaunchScreen.storyboard */; };
		117E7EA4B98D4E2638EA3CAE /* Pods_swiftdemo.framework in Frameworks */ = {isa = PBXBuildFile; fileRef = 3D5DDB2137813DE70D05200E /* Pods_swiftdemo.framework */; };
/* End PBXBuildFile section */

/* Begin PBXFileReference section */
		080C973424163773008073D4 /* MainViewController.swift */ = {isa = PBXFileReference; lastKnownFileType = sourcecode.swift; path = MainViewController.swift; sourceTree = "<group>"; };
		080C97362416378C008073D4 /* UIKitViewController.swift */ = {isa = PBXFileReference; lastKnownFileType = sourcecode.swift; path = UIKitViewController.swift; sourceTree = "<group>"; };
		080C973824163797008073D4 /* UnitViewController.swift */ = {isa = PBXFileReference; lastKnownFileType = sourcecode.swift; path = UnitViewController.swift; sourceTree = "<group>"; };
		084F473E23D4305F00E12729 /* TabBarViewController.swift */ = {isa = PBXFileReference; lastKnownFileType = sourcecode.swift; path = TabBarViewController.swift; sourceTree = "<group>"; };
		084F474023D4339A00E12729 /* AppConfig.swift */ = {isa = PBXFileReference; lastKnownFileType = sourcecode.swift; path = AppConfig.swift; sourceTree = "<group>"; };
		084F474523D4362900E12729 /* DeviceExtension.swift */ = {isa = PBXFileReference; lastKnownFileType = sourcecode.swift; path = DeviceExtension.swift; sourceTree = "<group>"; };
		084F474723D4502800E12729 /* BaseNavViewController.swift */ = {isa = PBXFileReference; lastKnownFileType = sourcecode.swift; path = BaseNavViewController.swift; sourceTree = "<group>"; };
		084F474923D45A5C00E12729 /* BaseViewController.swift */ = {isa = PBXFileReference; lastKnownFileType = sourcecode.swift; path = BaseViewController.swift; sourceTree = "<group>"; };
		084F474B23D45B5900E12729 /* CustomNavgationView.swift */ = {isa = PBXFileReference; lastKnownFileType = sourcecode.swift; path = CustomNavgationView.swift; sourceTree = "<group>"; };
		08AAC25A24F7A1E7000B3044 /* CountdownTimer.swift */ = {isa = PBXFileReference; lastKnownFileType = sourcecode.swift; path = CountdownTimer.swift; sourceTree = "<group>"; };
		08AAC25E24F7ABC0000B3044 /* ColorExtension.swift */ = {isa = PBXFileReference; lastKnownFileType = sourcecode.swift; path = ColorExtension.swift; sourceTree = "<group>"; };
		08AAC27124F7DE35000B3044 /* NetWorkingTool.swift */ = {isa = PBXFileReference; lastKnownFileType = sourcecode.swift; path = NetWorkingTool.swift; sourceTree = "<group>"; };
		08AAC27524F8FD32000B3044 /* MyactivityTableViewCell.swift */ = {isa = PBXFileReference; lastKnownFileType = sourcecode.swift; path = MyactivityTableViewCell.swift; sourceTree = "<group>"; };
		08AAC27824F8FFB7000B3044 /* DetailModel.swift */ = {isa = PBXFileReference; lastKnownFileType = sourcecode.swift; path = DetailModel.swift; sourceTree = "<group>"; };
		08AAC28B24FC9759000B3044 /* Config.swift */ = {isa = PBXFileReference; lastKnownFileType = sourcecode.swift; path = Config.swift; sourceTree = "<group>"; };
		08AAC28D24FCA3B0000B3044 /* HomeListCell.swift */ = {isa = PBXFileReference; lastKnownFileType = sourcecode.swift; path = HomeListCell.swift; sourceTree = "<group>"; };
		08AAC28F24FCA4A9000B3044 /* HomeListCell.xib */ = {isa = PBXFileReference; fileEncoding = 4; lastKnownFileType = file.xib; path = HomeListCell.xib; sourceTree = "<group>"; };
		08AAC29724FCCDBE000B3044 /* DialogCell.swift */ = {isa = PBXFileReference; lastKnownFileType = sourcecode.swift; path = DialogCell.swift; sourceTree = "<group>"; };
		08AAC29924FCCE0E000B3044 /* DialogCell.xib */ = {isa = PBXFileReference; fileEncoding = 4; lastKnownFileType = file.xib; path = DialogCell.xib; sourceTree = "<group>"; };
		08AAC29B24FCCE8D000B3044 /* DialogBaseVC.swift */ = {isa = PBXFileReference; lastKnownFileType = sourcecode.swift; path = DialogBaseVC.swift; sourceTree = "<group>"; };
		08AAC29D24FCCEA2000B3044 /* DialogTestVC.swift */ = {isa = PBXFileReference; lastKnownFileType = sourcecode.swift; path = DialogTestVC.swift; sourceTree = "<group>"; };
		08AAC29F24FCCEB9000B3044 /* DialogInputVC.swift */ = {isa = PBXFileReference; lastKnownFileType = sourcecode.swift; path = DialogInputVC.swift; sourceTree = "<group>"; };
		08AAC2A124FCCF2B000B3044 /* DialogTool.swift */ = {isa = PBXFileReference; lastKnownFileType = sourcecode.swift; path = DialogTool.swift; sourceTree = "<group>"; };
		08AAC2A424FCCFB4000B3044 /* DialogUtil.swift */ = {isa = PBXFileReference; lastKnownFileType = sourcecode.swift; path = DialogUtil.swift; sourceTree = "<group>"; };
		08AAC2A824FCD0D2000B3044 /* DialogNormalView.swift */ = {isa = PBXFileReference; lastKnownFileType = sourcecode.swift; path = DialogNormalView.swift; sourceTree = "<group>"; };
		08AAC2AA24FCD5E5000B3044 /* DialogManager.swift */ = {isa = PBXFileReference; lastKnownFileType = sourcecode.swift; path = DialogManager.swift; sourceTree = "<group>"; };
		08AAC2AC24FCD6AB000B3044 /* BundleUtil.swift */ = {isa = PBXFileReference; lastKnownFileType = sourcecode.swift; path = BundleUtil.swift; sourceTree = "<group>"; };
		08AAC2AE24FCD729000B3044 /* DealistConfig.swift */ = {isa = PBXFileReference; lastKnownFileType = sourcecode.swift; path = DealistConfig.swift; sourceTree = "<group>"; };
		08AAC2B024FCD88F000B3044 /* ScreenTools.swift */ = {isa = PBXFileReference; lastKnownFileType = sourcecode.swift; path = ScreenTools.swift; sourceTree = "<group>"; };
		08AAC2B224FCD9B2000B3044 /* DialogImageView.swift */ = {isa = PBXFileReference; lastKnownFileType = sourcecode.swift; path = DialogImageView.swift; sourceTree = "<group>"; };
		08AAC2B424FCDBFE000B3044 /* DialogInputView.swift */ = {isa = PBXFileReference; lastKnownFileType = sourcecode.swift; path = DialogInputView.swift; sourceTree = "<group>"; };
		08AAC2B624FCDC52000B3044 /* DialogTextView.swift */ = {isa = PBXFileReference; lastKnownFileType = sourcecode.swift; path = DialogTextView.swift; sourceTree = "<group>"; };
		08AAC2B924FCDD76000B3044 /* StringExtension.swift */ = {isa = PBXFileReference; lastKnownFileType = sourcecode.swift; path = StringExtension.swift; sourceTree = "<group>"; };
		08AAC2BB24FCDF01000B3044 /* DialogCustomView.swift */ = {isa = PBXFileReference; lastKnownFileType = sourcecode.swift; path = DialogCustomView.swift; sourceTree = "<group>"; };
		08AAC2BD24FCE118000B3044 /* DialogImageVC.swift */ = {isa = PBXFileReference; lastKnownFileType = sourcecode.swift; path = DialogImageVC.swift; sourceTree = "<group>"; };
		08AAC2C024FCE67D000B3044 /* ic_toast_success2@3x.png */ = {isa = PBXFileReference; lastKnownFileType = image.png; path = "ic_toast_success2@3x.png"; sourceTree = "<group>"; };
		08AAC2C124FCE67E000B3044 /* icn_icn_fail2.png */ = {isa = PBXFileReference; lastKnownFileType = image.png; path = icn_icn_fail2.png; sourceTree = "<group>"; };
		08AAC2C224FCE67E000B3044 /* icn_icn_fail2@3x.png */ = {isa = PBXFileReference; lastKnownFileType = image.png; path = "icn_icn_fail2@3x.png"; sourceTree = "<group>"; };
		08AAC2C324FCE67E000B3044 /* icn_icn_fail2@2x.png */ = {isa = PBXFileReference; lastKnownFileType = image.png; path = "icn_icn_fail2@2x.png"; sourceTree = "<group>"; };
		08AAC2C424FCE67E000B3044 /* ic_toast_success2@2x.png */ = {isa = PBXFileReference; lastKnownFileType = image.png; path = "ic_toast_success2@2x.png"; sourceTree = "<group>"; };
		08AAC2C524FCE67E000B3044 /* ic_toast_success2.png */ = {isa = PBXFileReference; lastKnownFileType = image.png; path = ic_toast_success2.png; sourceTree = "<group>"; };
		08AAC2C724FCE67E000B3044 /* icon_sign2@2x.png */ = {isa = PBXFileReference; lastKnownFileType = image.png; path = "icon_sign2@2x.png"; sourceTree = "<group>"; };
		08AAC2C824FCE67E000B3044 /* icon_sign2@3x.png */ = {isa = PBXFileReference; lastKnownFileType = image.png; path = "icon_sign2@3x.png"; sourceTree = "<group>"; };
		08AAC2D224FCE6D7000B3044 /* ic_back_grey@2x.png */ = {isa = PBXFileReference; lastKnownFileType = image.png; path = "ic_back_grey@2x.png"; sourceTree = "<group>"; };
		08AAC2D324FCE6D7000B3044 /* ic_back_grey@3x.png */ = {isa = PBXFileReference; lastKnownFileType = image.png; path = "ic_back_grey@3x.png"; sourceTree = "<group>"; };
		08AAC2D624FCE6E7000B3044 /* ic_new@2x.png */ = {isa = PBXFileReference; lastKnownFileType = image.png; path = "ic_new@2x.png"; sourceTree = "<group>"; };
		08AAC2D724FCE6E8000B3044 /* ic_new@3x.png */ = {isa = PBXFileReference; lastKnownFileType = image.png; path = "ic_new@3x.png"; sourceTree = "<group>"; };
		08AAC2DA24FCE6ED000B3044 /* icn_icn_more@3x.png */ = {isa = PBXFileReference; lastKnownFileType = image.png; path = "icn_icn_more@3x.png"; sourceTree = "<group>"; };
		08AAC2DB24FCE6ED000B3044 /* icn_icn_more@2x.png */ = {isa = PBXFileReference; lastKnownFileType = image.png; path = "icn_icn_more@2x.png"; sourceTree = "<group>"; };
		08AAC2DE24FCE6F7000B3044 /* success.png */ = {isa = PBXFileReference; lastKnownFileType = image.png; path = success.png; sourceTree = "<group>"; };
		08AAC2E024FCE705000B3044 /* takePicture.png */ = {isa = PBXFileReference; lastKnownFileType = image.png; path = takePicture.png; sourceTree = "<group>"; };
		08AAC2E224FCE7FA000B3044 /* btn_back@3x.png */ = {isa = PBXFileReference; lastKnownFileType = image.png; path = "btn_back@3x.png"; sourceTree = "<group>"; };
		08AAC2E324FCE7FB000B3044 /* btn_back@2x.png */ = {isa = PBXFileReference; lastKnownFileType = image.png; path = "btn_back@2x.png"; sourceTree = "<group>"; };
		08AAC2E724FCEBEF000B3044 /* ToastTestVC.swift */ = {isa = PBXFileReference; lastKnownFileType = sourcecode.swift; path = ToastTestVC.swift; sourceTree = "<group>"; };
		08AAC2EA24FCEEC2000B3044 /* TextToast.swift */ = {isa = PBXFileReference; lastKnownFileType = sourcecode.swift; path = TextToast.swift; sourceTree = "<group>"; };
		08AAC2EC24FCEEE9000B3044 /* Toast.swift */ = {isa = PBXFileReference; lastKnownFileType = sourcecode.swift; path = Toast.swift; sourceTree = "<group>"; };
		08AAC2EE24FCEF61000B3044 /* ToastUtils.swift */ = {isa = PBXFileReference; lastKnownFileType = sourcecode.swift; path = ToastUtils.swift; sourceTree = "<group>"; };
		08AAC2F024FCEFB9000B3044 /* ImageToast.swift */ = {isa = PBXFileReference; lastKnownFileType = sourcecode.swift; path = ImageToast.swift; sourceTree = "<group>"; };
		08AAC2F224FCF09F000B3044 /* ToastManager.swift */ = {isa = PBXFileReference; lastKnownFileType = sourcecode.swift; path = ToastManager.swift; sourceTree = "<group>"; };
		08AAC2F524FCF3B0000B3044 /* icn_icn_fail.png */ = {isa = PBXFileReference; lastKnownFileType = image.png; path = icn_icn_fail.png; sourceTree = "<group>"; };
		08AAC2F624FCF3B0000B3044 /* icn_icn_fail@3x.png */ = {isa = PBXFileReference; lastKnownFileType = image.png; path = "icn_icn_fail@3x.png"; sourceTree = "<group>"; };
		08AAC2F724FCF3B0000B3044 /* icn_icn_fail@2x.png */ = {isa = PBXFileReference; lastKnownFileType = image.png; path = "icn_icn_fail@2x.png"; sourceTree = "<group>"; };
		08AAC2F824FCF3B0000B3044 /* icon_sign@2x.png */ = {isa = PBXFileReference; lastKnownFileType = image.png; path = "icon_sign@2x.png"; sourceTree = "<group>"; };
		08AAC2F924FCF3B0000B3044 /* icon_sign@3x.png */ = {isa = PBXFileReference; lastKnownFileType = image.png; path = "icon_sign@3x.png"; sourceTree = "<group>"; };
		08AAC2FA24FCF3B0000B3044 /* ic_toast_success.png */ = {isa = PBXFileReference; lastKnownFileType = image.png; path = ic_toast_success.png; sourceTree = "<group>"; };
		08AAC2FB24FCF3B0000B3044 /* icon_sign.png */ = {isa = PBXFileReference; lastKnownFileType = image.png; path = icon_sign.png; sourceTree = "<group>"; };
		08AAC2FC24FCF3B0000B3044 /* ic_toast_success@3x.png */ = {isa = PBXFileReference; lastKnownFileType = image.png; path = "ic_toast_success@3x.png"; sourceTree = "<group>"; };
		08AAC2FD24FCF3B0000B3044 /* ic_toast_success@2x.png */ = {isa = PBXFileReference; lastKnownFileType = image.png; path = "ic_toast_success@2x.png"; sourceTree = "<group>"; };
		08AAC30824FCFB26000B3044 /* LoadingTestVC.swift */ = {isa = PBXFileReference; lastKnownFileType = sourcecode.swift; path = LoadingTestVC.swift; sourceTree = "<group>"; };
		08AAC30A24FCFB83000B3044 /* LoadingWebVC.swift */ = {isa = PBXFileReference; lastKnownFileType = sourcecode.swift; path = LoadingWebVC.swift; sourceTree = "<group>"; };
		08AAC30C24FCFBA6000B3044 /* LoadingListVC.swift */ = {isa = PBXFileReference; lastKnownFileType = sourcecode.swift; path = LoadingListVC.swift; sourceTree = "<group>"; };
		08AAC31024FCFFC7000B3044 /* icn_icn_loading@2x.png */ = {isa = PBXFileReference; lastKnownFileType = image.png; path = "icn_icn_loading@2x.png"; sourceTree = "<group>"; };
		08AAC31124FCFFC7000B3044 /* icn_icn_loading@3x.png */ = {isa = PBXFileReference; lastKnownFileType = image.png; path = "icn_icn_loading@3x.png"; sourceTree = "<group>"; };
		08AAC31224FCFFC7000B3044 /* icn_icn_loading.png */ = {isa = PBXFileReference; lastKnownFileType = image.png; path = icn_icn_loading.png; sourceTree = "<group>"; };
		08AAC31624FCFFE4000B3044 /* Loading.swift */ = {isa = PBXFileReference; lastKnownFileType = sourcecode.swift; path = Loading.swift; sourceTree = "<group>"; };
		08AAC31824FD003A000B3044 /* LoadingGifUtil.swift */ = {isa = PBXFileReference; lastKnownFileType = sourcecode.swift; path = LoadingGifUtil.swift; sourceTree = "<group>"; };
		08AAC31A24FD004D000B3044 /* LoadingFreeUtil.swift */ = {isa = PBXFileReference; lastKnownFileType = sourcecode.swift; path = LoadingFreeUtil.swift; sourceTree = "<group>"; };
		08AAC31C24FD005D000B3044 /* LoadingWaitUtil.swift */ = {isa = PBXFileReference; lastKnownFileType = sourcecode.swift; path = LoadingWaitUtil.swift; sourceTree = "<group>"; };
		08AAC31E24FD006C000B3044 /* LoadingNavUtil.swift */ = {isa = PBXFileReference; lastKnownFileType = sourcecode.swift; path = LoadingNavUtil.swift; sourceTree = "<group>"; };
		08AAC32224FD02B1000B3044 /* RefreshLoadingView.swift */ = {isa = PBXFileReference; lastKnownFileType = sourcecode.swift; path = RefreshLoadingView.swift; sourceTree = "<group>"; };
		08AAC32424FD02BF000B3044 /* NavProgressView.swift */ = {isa = PBXFileReference; lastKnownFileType = sourcecode.swift; path = NavProgressView.swift; sourceTree = "<group>"; };
		08AAC32624FD02CF000B3044 /* GifView.swift */ = {isa = PBXFileReference; lastKnownFileType = sourcecode.swift; path = GifView.swift; sourceTree = "<group>"; };
		08FFAF51238690FE005D299E /* swiftdemo.app */ = {isa = PBXFileReference; explicitFileType = wrapper.application; includeInIndex = 0; path = swiftdemo.app; sourceTree = BUILT_PRODUCTS_DIR; };
		08FFAF54238690FE005D299E /* AppDelegate.swift */ = {isa = PBXFileReference; lastKnownFileType = sourcecode.swift; path = AppDelegate.swift; sourceTree = "<group>"; };
		08FFAF56238690FE005D299E /* SceneDelegate.swift */ = {isa = PBXFileReference; lastKnownFileType = sourcecode.swift; path = SceneDelegate.swift; sourceTree = "<group>"; };
		08FFAF5B238690FE005D299E /* Base */ = {isa = PBXFileReference; lastKnownFileType = file.storyboard; name = Base; path = Base.lproj/Main.storyboard; sourceTree = "<group>"; };
		08FFAF5E238690FE005D299E /* swiftdemo.xcdatamodel */ = {isa = PBXFileReference; lastKnownFileType = wrapper.xcdatamodel; path = swiftdemo.xcdatamodel; sourceTree = "<group>"; };
		08FFAF60238690FF005D299E /* Assets.xcassets */ = {isa = PBXFileReference; lastKnownFileType = folder.assetcatalog; path = Assets.xcassets; sourceTree = "<group>"; };
		08FFAF63238690FF005D299E /* Base */ = {isa = PBXFileReference; lastKnownFileType = file.storyboard; name = Base; path = Base.lproj/LaunchScreen.storyboard; sourceTree = "<group>"; };
		08FFAF65238690FF005D299E /* Info.plist */ = {isa = PBXFileReference; lastKnownFileType = text.plist.xml; path = Info.plist; sourceTree = "<group>"; };
		3D5DDB2137813DE70D05200E /* Pods_swiftdemo.framework */ = {isa = PBXFileReference; explicitFileType = wrapper.framework; includeInIndex = 0; path = Pods_swiftdemo.framework; sourceTree = BUILT_PRODUCTS_DIR; };
		8A602ED426B9DA2547CE535F /* Pods-swiftdemo.debug.xcconfig */ = {isa = PBXFileReference; includeInIndex = 1; lastKnownFileType = text.xcconfig; name = "Pods-swiftdemo.debug.xcconfig"; path = "Target Support Files/Pods-swiftdemo/Pods-swiftdemo.debug.xcconfig"; sourceTree = "<group>"; };
		D5AFDA1DDAC18F39A3F12C53 /* Pods-swiftdemo.release.xcconfig */ = {isa = PBXFileReference; includeInIndex = 1; lastKnownFileType = text.xcconfig; name = "Pods-swiftdemo.release.xcconfig"; path = "Target Support Files/Pods-swiftdemo/Pods-swiftdemo.release.xcconfig"; sourceTree = "<group>"; };
/* End PBXFileReference section */

/* Begin PBXFrameworksBuildPhase section */
		08FFAF4E238690FE005D299E /* Frameworks */ = {
			isa = PBXFrameworksBuildPhase;
			buildActionMask = 2147483647;
			files = (
				117E7EA4B98D4E2638EA3CAE /* Pods_swiftdemo.framework in Frameworks */,
			);
			runOnlyForDeploymentPostprocessing = 0;
		};
/* End PBXFrameworksBuildPhase section */

/* Begin PBXGroup section */
		080C973324163731008073D4 /* VC */ = {
			isa = PBXGroup;
			children = (
				08AAC29124FCA87C000B3044 /* MainVC */,
				08AAC27724F8FFA5000B3044 /* Model */,
				08AAC27424F8FD14000B3044 /* View */,
				080C97362416378C008073D4 /* UIKitViewController.swift */,
				080C973824163797008073D4 /* UnitViewController.swift */,
			);
			path = VC;
			sourceTree = "<group>";
		};
		084F473C23D42F7500E12729 /* BaseViewController */ = {
			isa = PBXGroup;
			children = (
				08AAC25724F7A0B7000B3044 /* 倒计时 */,
				080C973324163731008073D4 /* VC */,
				084F473D23D42F8900E12729 /* Components */,
			);
			path = BaseViewController;
			sourceTree = "<group>";
		};
		084F473D23D42F8900E12729 /* Components */ = {
			isa = PBXGroup;
			children = (
				084F473E23D4305F00E12729 /* TabBarViewController.swift */,
				084F474723D4502800E12729 /* BaseNavViewController.swift */,
				084F474923D45A5C00E12729 /* BaseViewController.swift */,
				084F474B23D45B5900E12729 /* CustomNavgationView.swift */,
			);
			path = Components;
			sourceTree = "<group>";
		};
		084F474223D4356200E12729 /* Utils */ = {
			isa = PBXGroup;
			children = (
				08AAC2B824FCDD47000B3044 /* Extension */,
				08AAC2A724FCD072000B3044 /* DialogUtil */,
				08AAC28B24FC9759000B3044 /* Config.swift */,
				08AAC30E24FCFF85000B3044 /* LoadingUtil */,
				08AAC2E924FCEE5C000B3044 /* ToastUtil */,
				08AAC2B024FCD88F000B3044 /* ScreenTools.swift */,
			);
			path = Utils;
			sourceTree = "<group>";
		};
		08AAC25724F7A0B7000B3044 /* 倒计时 */ = {
			isa = PBXGroup;
			children = (
				08AAC25A24F7A1E7000B3044 /* CountdownTimer.swift */,
			);
			path = "倒计时";
			sourceTree = "<group>";
		};
		08AAC27424F8FD14000B3044 /* View */ = {
			isa = PBXGroup;
			children = (
				08AAC27524F8FD32000B3044 /* MyactivityTableViewCell.swift */,
			);
			path = View;
			sourceTree = "<group>";
		};
		08AAC27724F8FFA5000B3044 /* Model */ = {
			isa = PBXGroup;
			children = (
				08AAC27824F8FFB7000B3044 /* DetailModel.swift */,
			);
			path = Model;
			sourceTree = "<group>";
		};
		08AAC29124FCA87C000B3044 /* MainVC */ = {
			isa = PBXGroup;
			children = (
				08AAC29224FCA88B000B3044 /* View */,
				080C973424163773008073D4 /* MainViewController.swift */,
				08AAC30724FCFAF5000B3044 /* LoadingTestVC */,
				08AAC2E624FCEBBC000B3044 /* ToastTestVC */,
				08AAC29324FCCB56000B3044 /* DialogTestVC */,
			);
			path = MainVC;
			sourceTree = "<group>";
		};
		08AAC29224FCA88B000B3044 /* View */ = {
			isa = PBXGroup;
			children = (
				08AAC28D24FCA3B0000B3044 /* HomeListCell.swift */,
				08AAC28F24FCA4A9000B3044 /* HomeListCell.xib */,
			);
			path = View;
			sourceTree = "<group>";
		};
		08AAC29324FCCB56000B3044 /* DialogTestVC */ = {
			isa = PBXGroup;
			children = (
				08AAC2A124FCCF2B000B3044 /* DialogTool.swift */,
				08AAC29624FCCD9C000B3044 /* View */,
				08AAC29D24FCCEA2000B3044 /* DialogTestVC.swift */,
				08AAC29B24FCCE8D000B3044 /* DialogBaseVC.swift */,
				08AAC2BD24FCE118000B3044 /* DialogImageVC.swift */,
				08AAC29F24FCCEB9000B3044 /* DialogInputVC.swift */,
			);
			path = DialogTestVC;
			sourceTree = "<group>";
		};
		08AAC29624FCCD9C000B3044 /* View */ = {
			isa = PBXGroup;
			children = (
				08AAC29724FCCDBE000B3044 /* DialogCell.swift */,
				08AAC29924FCCE0E000B3044 /* DialogCell.xib */,
			);
			path = View;
			sourceTree = "<group>";
		};
		08AAC2A624FCD056000B3044 /* ComponentsView */ = {
			isa = PBXGroup;
			children = (
				08AAC2A824FCD0D2000B3044 /* DialogNormalView.swift */,
				08AAC2B224FCD9B2000B3044 /* DialogImageView.swift */,
				08AAC2B424FCDBFE000B3044 /* DialogInputView.swift */,
				08AAC2B624FCDC52000B3044 /* DialogTextView.swift */,
				08AAC2BB24FCDF01000B3044 /* DialogCustomView.swift */,
			);
			path = ComponentsView;
			sourceTree = "<group>";
		};
		08AAC2A724FCD072000B3044 /* DialogUtil */ = {
			isa = PBXGroup;
			children = (
				08AAC2BF24FCE67D000B3044 /* Images */,
				08AAC2A424FCCFB4000B3044 /* DialogUtil.swift */,
				08AAC2AA24FCD5E5000B3044 /* DialogManager.swift */,
				08AAC2AC24FCD6AB000B3044 /* BundleUtil.swift */,
				08AAC2AE24FCD729000B3044 /* DealistConfig.swift */,
				08AAC2A624FCD056000B3044 /* ComponentsView */,
			);
			path = DialogUtil;
			sourceTree = "<group>";
		};
		08AAC2B824FCDD47000B3044 /* Extension */ = {
			isa = PBXGroup;
			children = (
				084F474523D4362900E12729 /* DeviceExtension.swift */,
				08AAC25E24F7ABC0000B3044 /* ColorExtension.swift */,
				08AAC2B924FCDD76000B3044 /* StringExtension.swift */,
			);
			path = Extension;
			sourceTree = "<group>";
		};
		08AAC2BF24FCE67D000B3044 /* Images */ = {
			isa = PBXGroup;
			children = (
				08AAC2E324FCE7FB000B3044 /* btn_back@2x.png */,
				08AAC2E224FCE7FA000B3044 /* btn_back@3x.png */,
				08AAC2E024FCE705000B3044 /* takePicture.png */,
				08AAC2DE24FCE6F7000B3044 /* success.png */,
				08AAC2DB24FCE6ED000B3044 /* icn_icn_more@2x.png */,
				08AAC2DA24FCE6ED000B3044 /* icn_icn_more@3x.png */,
				08AAC2D624FCE6E7000B3044 /* ic_new@2x.png */,
				08AAC2D724FCE6E8000B3044 /* ic_new@3x.png */,
				08AAC2D224FCE6D7000B3044 /* ic_back_grey@2x.png */,
				08AAC2D324FCE6D7000B3044 /* ic_back_grey@3x.png */,
				08AAC2C024FCE67D000B3044 /* ic_toast_success2@3x.png */,
				08AAC2C124FCE67E000B3044 /* icn_icn_fail2.png */,
				08AAC2C224FCE67E000B3044 /* icn_icn_fail2@3x.png */,
				08AAC2C324FCE67E000B3044 /* icn_icn_fail2@2x.png */,
				08AAC2C424FCE67E000B3044 /* ic_toast_success2@2x.png */,
				08AAC2C524FCE67E000B3044 /* ic_toast_success2.png */,
				08AAC2C724FCE67E000B3044 /* icon_sign2@2x.png */,
				08AAC2C824FCE67E000B3044 /* icon_sign2@3x.png */,
			);
			path = Images;
			sourceTree = "<group>";
		};
		08AAC2E624FCEBBC000B3044 /* ToastTestVC */ = {
			isa = PBXGroup;
			children = (
				08AAC2E724FCEBEF000B3044 /* ToastTestVC.swift */,
			);
			path = ToastTestVC;
			sourceTree = "<group>";
		};
		08AAC2E924FCEE5C000B3044 /* ToastUtil */ = {
			isa = PBXGroup;
			children = (
				08AAC2F424FCF3B0000B3044 /* Images */,
				08AAC2EA24FCEEC2000B3044 /* TextToast.swift */,
				08AAC2F024FCEFB9000B3044 /* ImageToast.swift */,
				08AAC2EC24FCEEE9000B3044 /* Toast.swift */,
				08AAC2EE24FCEF61000B3044 /* ToastUtils.swift */,
				08AAC2F224FCF09F000B3044 /* ToastManager.swift */,
			);
			path = ToastUtil;
			sourceTree = "<group>";
		};
		08AAC2F424FCF3B0000B3044 /* Images */ = {
			isa = PBXGroup;
			children = (
				08AAC2F524FCF3B0000B3044 /* icn_icn_fail.png */,
				08AAC2F624FCF3B0000B3044 /* icn_icn_fail@3x.png */,
				08AAC2F724FCF3B0000B3044 /* icn_icn_fail@2x.png */,
				08AAC2F824FCF3B0000B3044 /* icon_sign@2x.png */,
				08AAC2F924FCF3B0000B3044 /* icon_sign@3x.png */,
				08AAC2FA24FCF3B0000B3044 /* ic_toast_success.png */,
				08AAC2FB24FCF3B0000B3044 /* icon_sign.png */,
				08AAC2FC24FCF3B0000B3044 /* ic_toast_success@3x.png */,
				08AAC2FD24FCF3B0000B3044 /* ic_toast_success@2x.png */,
			);
			path = Images;
			sourceTree = "<group>";
		};
		08AAC30724FCFAF5000B3044 /* LoadingTestVC */ = {
			isa = PBXGroup;
			children = (
				08AAC30824FCFB26000B3044 /* LoadingTestVC.swift */,
				08AAC30C24FCFBA6000B3044 /* LoadingListVC.swift */,
				08AAC30A24FCFB83000B3044 /* LoadingWebVC.swift */,
			);
			path = LoadingTestVC;
			sourceTree = "<group>";
		};
		08AAC30E24FCFF85000B3044 /* LoadingUtil */ = {
			isa = PBXGroup;
			children = (
				08AAC30F24FCFFC7000B3044 /* Images */,
				08AAC31624FCFFE4000B3044 /* Loading.swift */,
				08AAC31824FD003A000B3044 /* LoadingGifUtil.swift */,
				08AAC31A24FD004D000B3044 /* LoadingFreeUtil.swift */,
				08AAC31C24FD005D000B3044 /* LoadingWaitUtil.swift */,
				08AAC31E24FD006C000B3044 /* LoadingNavUtil.swift */,
				08AAC32224FD02B1000B3044 /* RefreshLoadingView.swift */,
				08AAC32424FD02BF000B3044 /* NavProgressView.swift */,
				08AAC32624FD02CF000B3044 /* GifView.swift */,
			);
			path = LoadingUtil;
			sourceTree = "<group>";
		};
		08AAC30F24FCFFC7000B3044 /* Images */ = {
			isa = PBXGroup;
			children = (
				08AAC31024FCFFC7000B3044 /* icn_icn_loading@2x.png */,
				08AAC31124FCFFC7000B3044 /* icn_icn_loading@3x.png */,
				08AAC31224FCFFC7000B3044 /* icn_icn_loading.png */,
			);
			path = Images;
			sourceTree = "<group>";
		};
		08FFAF48238690FE005D299E = {
			isa = PBXGroup;
			children = (
				08FFAF53238690FE005D299E /* swiftdemo */,
				08FFAF52238690FE005D299E /* Products */,
				7BD08272BFC298DFE87883BC /* Pods */,
				A2E981E79A485E7D54A9F898 /* Frameworks */,
			);
			sourceTree = "<group>";
		};
		08FFAF52238690FE005D299E /* Products */ = {
			isa = PBXGroup;
			children = (
				08FFAF51238690FE005D299E /* swiftdemo.app */,
			);
			name = Products;
			sourceTree = "<group>";
		};
		08FFAF53238690FE005D299E /* swiftdemo */ = {
			isa = PBXGroup;
			children = (
				084F474223D4356200E12729 /* Utils */,
				084F474023D4339A00E12729 /* AppConfig.swift */,
				08AAC27124F7DE35000B3044 /* NetWorkingTool.swift */,
				084F473C23D42F7500E12729 /* BaseViewController */,
				08FFAF54238690FE005D299E /* AppDelegate.swift */,
				08FFAF56238690FE005D299E /* SceneDelegate.swift */,
				08FFAF5A238690FE005D299E /* Main.storyboard */,
				08FFAF60238690FF005D299E /* Assets.xcassets */,
				08FFAF62238690FF005D299E /* LaunchScreen.storyboard */,
				08FFAF65238690FF005D299E /* Info.plist */,
				08FFAF5D238690FE005D299E /* swiftdemo.xcdatamodeld */,
			);
			path = swiftdemo;
			sourceTree = "<group>";
		};
		7BD08272BFC298DFE87883BC /* Pods */ = {
			isa = PBXGroup;
			children = (
				8A602ED426B9DA2547CE535F /* Pods-swiftdemo.debug.xcconfig */,
				D5AFDA1DDAC18F39A3F12C53 /* Pods-swiftdemo.release.xcconfig */,
			);
			path = Pods;
			sourceTree = "<group>";
		};
		A2E981E79A485E7D54A9F898 /* Frameworks */ = {
			isa = PBXGroup;
			children = (
				3D5DDB2137813DE70D05200E /* Pods_swiftdemo.framework */,
			);
			name = Frameworks;
			sourceTree = "<group>";
		};
/* End PBXGroup section */

/* Begin PBXNativeTarget section */
		08FFAF50238690FE005D299E /* swiftdemo */ = {
			isa = PBXNativeTarget;
			buildConfigurationList = 08FFAF68238690FF005D299E /* Build configuration list for PBXNativeTarget "swiftdemo" */;
			buildPhases = (
				217433569E5C761CC94B0F8A /* [CP] Check Pods Manifest.lock */,
				08FFAF4D238690FE005D299E /* Sources */,
				08FFAF4E238690FE005D299E /* Frameworks */,
				08FFAF4F238690FE005D299E /* Resources */,
				4BEA4C41461F986D2783DD29 /* [CP] Embed Pods Frameworks */,
			);
			buildRules = (
			);
			dependencies = (
			);
			name = swiftdemo;
			productName = swiftdemo;
			productReference = 08FFAF51238690FE005D299E /* swiftdemo.app */;
			productType = "com.apple.product-type.application";
		};
/* End PBXNativeTarget section */

/* Begin PBXProject section */
		08FFAF49238690FE005D299E /* Project object */ = {
			isa = PBXProject;
			attributes = {
				LastSwiftUpdateCheck = 1110;
				LastUpgradeCheck = 1110;
				ORGANIZATIONNAME = qf;
				TargetAttributes = {
					08FFAF50238690FE005D299E = {
						CreatedOnToolsVersion = 11.1;
					};
				};
			};
			buildConfigurationList = 08FFAF4C238690FE005D299E /* Build configuration list for PBXProject "swiftdemo" */;
			compatibilityVersion = "Xcode 9.3";
			developmentRegion = en;
			hasScannedForEncodings = 0;
			knownRegions = (
				en,
				Base,
			);
			mainGroup = 08FFAF48238690FE005D299E;
			productRefGroup = 08FFAF52238690FE005D299E /* Products */;
			projectDirPath = "";
			projectRoot = "";
			targets = (
				08FFAF50238690FE005D299E /* swiftdemo */,
			);
		};
/* End PBXProject section */

/* Begin PBXResourcesBuildPhase section */
		08FFAF4F238690FE005D299E /* Resources */ = {
			isa = PBXResourcesBuildPhase;
			buildActionMask = 2147483647;
			files = (
				08AAC2E524FCE7FB000B3044 /* btn_back@2x.png in Resources */,
				08AAC2E124FCE705000B3044 /* takePicture.png in Resources */,
				08AAC30624FCF3B0000B3044 /* ic_toast_success@2x.png in Resources */,
				08AAC2DF24FCE6F7000B3044 /* success.png in Resources */,
				08AAC30424FCF3B0000B3044 /* icon_sign.png in Resources */,
				08AAC2DD24FCE6EE000B3044 /* icn_icn_more@2x.png in Resources */,
				08AAC31424FCFFC7000B3044 /* icn_icn_loading@3x.png in Resources */,
				08AAC30324FCF3B0000B3044 /* ic_toast_success.png in Resources */,
				08AAC2DC24FCE6EE000B3044 /* icn_icn_more@3x.png in Resources */,
				08AAC2D024FCE67E000B3044 /* icon_sign2@2x.png in Resources */,
				08AAC29A24FCCE0E000B3044 /* DialogCell.xib in Resources */,
				08AAC2D524FCE6D7000B3044 /* ic_back_grey@3x.png in Resources */,
				08AAC30124FCF3B0000B3044 /* icon_sign@2x.png in Resources */,
				08AAC2CA24FCE67E000B3044 /* icn_icn_fail2.png in Resources */,
				08AAC2FE24FCF3B0000B3044 /* icn_icn_fail.png in Resources */,
				08AAC2D124FCE67E000B3044 /* icon_sign2@3x.png in Resources */,
				08AAC2D424FCE6D7000B3044 /* ic_back_grey@2x.png in Resources */,
				08AAC31524FCFFC7000B3044 /* icn_icn_loading.png in Resources */,
				08AAC2CB24FCE67E000B3044 /* icn_icn_fail2@3x.png in Resources */,
				08AAC2CD24FCE67E000B3044 /* ic_toast_success2@2x.png in Resources */,
				08AAC2CC24FCE67E000B3044 /* icn_icn_fail2@2x.png in Resources */,
				08AAC2FF24FCF3B0000B3044 /* icn_icn_fail@3x.png in Resources */,
				08AAC2D924FCE6E8000B3044 /* ic_new@3x.png in Resources */,
				08FFAF64238690FF005D299E /* LaunchScreen.storyboard in Resources */,
				08AAC30024FCF3B0000B3044 /* icn_icn_fail@2x.png in Resources */,
				08AAC2C924FCE67E000B3044 /* ic_toast_success2@3x.png in Resources */,
				08AAC2D824FCE6E8000B3044 /* ic_new@2x.png in Resources */,
				08AAC30524FCF3B0000B3044 /* ic_toast_success@3x.png in Resources */,
				08FFAF61238690FF005D299E /* Assets.xcassets in Resources */,
				08AAC2CE24FCE67E000B3044 /* ic_toast_success2.png in Resources */,
				08AAC29024FCA4A9000B3044 /* HomeListCell.xib in Resources */,
				08FFAF5C238690FE005D299E /* Main.storyboard in Resources */,
				08AAC2E424FCE7FB000B3044 /* btn_back@3x.png in Resources */,
				08AAC31324FCFFC7000B3044 /* icn_icn_loading@2x.png in Resources */,
				08AAC30224FCF3B0000B3044 /* icon_sign@3x.png in Resources */,
			);
			runOnlyForDeploymentPostprocessing = 0;
		};
/* End PBXResourcesBuildPhase section */

/* Begin PBXShellScriptBuildPhase section */
		217433569E5C761CC94B0F8A /* [CP] Check Pods Manifest.lock */ = {
			isa = PBXShellScriptBuildPhase;
			buildActionMask = 2147483647;
			files = (
			);
			inputFileListPaths = (
			);
			inputPaths = (
				"${PODS_PODFILE_DIR_PATH}/Podfile.lock",
				"${PODS_ROOT}/Manifest.lock",
			);
			name = "[CP] Check Pods Manifest.lock";
			outputFileListPaths = (
			);
			outputPaths = (
				"$(DERIVED_FILE_DIR)/Pods-swiftdemo-checkManifestLockResult.txt",
			);
			runOnlyForDeploymentPostprocessing = 0;
			shellPath = /bin/sh;
			shellScript = "diff \"${PODS_PODFILE_DIR_PATH}/Podfile.lock\" \"${PODS_ROOT}/Manifest.lock\" > /dev/null\nif [ $? != 0 ] ; then\n    # print error to STDERR\n    echo \"error: The sandbox is not in sync with the Podfile.lock. Run 'pod install' or update your CocoaPods installation.\" >&2\n    exit 1\nfi\n# This output is used by Xcode 'outputs' to avoid re-running this script phase.\necho \"SUCCESS\" > \"${SCRIPT_OUTPUT_FILE_0}\"\n";
			showEnvVarsInLog = 0;
		};
		4BEA4C41461F986D2783DD29 /* [CP] Embed Pods Frameworks */ = {
			isa = PBXShellScriptBuildPhase;
			buildActionMask = 2147483647;
			files = (
			);
			inputFileListPaths = (
				"${PODS_ROOT}/Target Support Files/Pods-swiftdemo/Pods-swiftdemo-frameworks-${CONFIGURATION}-input-files.xcfilelist",
			);
			name = "[CP] Embed Pods Frameworks";
			outputFileListPaths = (
				"${PODS_ROOT}/Target Support Files/Pods-swiftdemo/Pods-swiftdemo-frameworks-${CONFIGURATION}-output-files.xcfilelist",
			);
			runOnlyForDeploymentPostprocessing = 0;
			shellPath = /bin/sh;
			shellScript = "\"${PODS_ROOT}/Target Support Files/Pods-swiftdemo/Pods-swiftdemo-frameworks.sh\"\n";
			showEnvVarsInLog = 0;
		};
/* End PBXShellScriptBuildPhase section */

/* Begin PBXSourcesBuildPhase section */
		08FFAF4D238690FE005D299E /* Sources */ = {
			isa = PBXSourcesBuildPhase;
			buildActionMask = 2147483647;
			files = (
				08AAC27224F7DE35000B3044 /* NetWorkingTool.swift in Sources */,
				08AAC25B24F7A1E7000B3044 /* CountdownTimer.swift in Sources */,
				08FFAF5F238690FE005D299E /* swiftdemo.xcdatamodeld in Sources */,
				080C973524163773008073D4 /* MainViewController.swift in Sources */,
				08AAC2AF24FCD729000B3044 /* DealistConfig.swift in Sources */,
				08AAC2A924FCD0D2000B3044 /* DialogNormalView.swift in Sources */,
				08AAC2BE24FCE118000B3044 /* DialogImageVC.swift in Sources */,
				08AAC32324FD02B1000B3044 /* RefreshLoadingView.swift in Sources */,
				08AAC2EF24FCEF61000B3044 /* ToastUtils.swift in Sources */,
				08FFAF55238690FE005D299E /* AppDelegate.swift in Sources */,
				08AAC2B724FCDC52000B3044 /* DialogTextView.swift in Sources */,
				08AAC31724FCFFE4000B3044 /* Loading.swift in Sources */,
				08AAC29E24FCCEA2000B3044 /* DialogTestVC.swift in Sources */,
				08AAC2B524FCDBFE000B3044 /* DialogInputView.swift in Sources */,
				08AAC2F124FCEFB9000B3044 /* ImageToast.swift in Sources */,
				08AAC31B24FD004D000B3044 /* LoadingFreeUtil.swift in Sources */,
				08AAC2A024FCCEB9000B3044 /* DialogInputVC.swift in Sources */,
				080C973924163797008073D4 /* UnitViewController.swift in Sources */,
				08AAC2ED24FCEEE9000B3044 /* Toast.swift in Sources */,
				08AAC31D24FD005D000B3044 /* LoadingWaitUtil.swift in Sources */,
				08AAC25F24F7ABC0000B3044 /* ColorExtension.swift in Sources */,
				08AAC31F24FD006C000B3044 /* LoadingNavUtil.swift in Sources */,
				084F474C23D45B5900E12729 /* CustomNavgationView.swift in Sources */,
				080C97372416378C008073D4 /* UIKitViewController.swift in Sources */,
				084F474123D4339A00E12729 /* AppConfig.swift in Sources */,
				084F473F23D4305F00E12729 /* TabBarViewController.swift in Sources */,
				08AAC2EB24FCEEC2000B3044 /* TextToast.swift in Sources */,
				08AAC2E824FCEBEF000B3044 /* ToastTestVC.swift in Sources */,
				08AAC2B124FCD88F000B3044 /* ScreenTools.swift in Sources */,
				08AAC28C24FC9759000B3044 /* Config.swift in Sources */,
				08AAC2A224FCCF2B000B3044 /* DialogTool.swift in Sources */,
				08AAC2AB24FCD5E5000B3044 /* DialogManager.swift in Sources */,
				08AAC2BA24FCDD76000B3044 /* StringExtension.swift in Sources */,
				08AAC32524FD02BF000B3044 /* NavProgressView.swift in Sources */,
				08AAC29C24FCCE8D000B3044 /* DialogBaseVC.swift in Sources */,
				08AAC30D24FCFBA6000B3044 /* LoadingListVC.swift in Sources */,
				08AAC29824FCCDBE000B3044 /* DialogCell.swift in Sources */,
				08AAC32724FD02CF000B3044 /* GifView.swift in Sources */,
				084F474A23D45A5C00E12729 /* BaseViewController.swift in Sources */,
				084F474823D4502800E12729 /* BaseNavViewController.swift in Sources */,
				08AAC28E24FCA3B0000B3044 /* HomeListCell.swift in Sources */,
				08AAC2BC24FCDF01000B3044 /* DialogCustomView.swift in Sources */,
				08FFAF57238690FE005D299E /* SceneDelegate.swift in Sources */,
				08AAC27924F8FFB7000B3044 /* DetailModel.swift in Sources */,
				08AAC2AD24FCD6AB000B3044 /* BundleUtil.swift in Sources */,
				08AAC2A524FCCFB4000B3044 /* DialogUtil.swift in Sources */,
				08AAC30B24FCFB83000B3044 /* LoadingWebVC.swift in Sources */,
				08AAC27624F8FD32000B3044 /* MyactivityTableViewCell.swift in Sources */,
				08AAC2F324FCF09F000B3044 /* ToastManager.swift in Sources */,
				08AAC2B324FCD9B2000B3044 /* DialogImageView.swift in Sources */,
				08AAC31924FD003A000B3044 /* LoadingGifUtil.swift in Sources */,
				084F474623D4362900E12729 /* DeviceExtension.swift in Sources */,
				08AAC30924FCFB26000B3044 /* LoadingTestVC.swift in Sources */,
			);
			runOnlyForDeploymentPostprocessing = 0;
		};
/* End PBXSourcesBuildPhase section */

/* Begin PBXVariantGroup section */
		08FFAF5A238690FE005D299E /* Main.storyboard */ = {
			isa = PBXVariantGroup;
			children = (
				08FFAF5B238690FE005D299E /* Base */,
			);
			name = Main.storyboard;
			sourceTree = "<group>";
		};
		08FFAF62238690FF005D299E /* LaunchScreen.storyboard */ = {
			isa = PBXVariantGroup;
			children = (
				08FFAF63238690FF005D299E /* Base */,
			);
			name = LaunchScreen.storyboard;
			sourceTree = "<group>";
		};
/* End PBXVariantGroup section */

/* Begin XCBuildConfiguration section */
		08FFAF66238690FF005D299E /* Debug */ = {
			isa = XCBuildConfiguration;
			buildSettings = {
				ALWAYS_SEARCH_USER_PATHS = NO;
				CLANG_ANALYZER_NONNULL = YES;
				CLANG_ANALYZER_NUMBER_OBJECT_CONVERSION = YES_AGGRESSIVE;
				CLANG_CXX_LANGUAGE_STANDARD = "gnu++14";
				CLANG_CXX_LIBRARY = "libc++";
				CLANG_ENABLE_MODULES = YES;
				CLANG_ENABLE_OBJC_ARC = YES;
				CLANG_ENABLE_OBJC_WEAK = YES;
				CLANG_WARN_BLOCK_CAPTURE_AUTORELEASING = YES;
				CLANG_WARN_BOOL_CONVERSION = YES;
				CLANG_WARN_COMMA = YES;
				CLANG_WARN_CONSTANT_CONVERSION = YES;
				CLANG_WARN_DEPRECATED_OBJC_IMPLEMENTATIONS = YES;
				CLANG_WARN_DIRECT_OBJC_ISA_USAGE = YES_ERROR;
				CLANG_WARN_DOCUMENTATION_COMMENTS = YES;
				CLANG_WARN_EMPTY_BODY = YES;
				CLANG_WARN_ENUM_CONVERSION = YES;
				CLANG_WARN_INFINITE_RECURSION = YES;
				CLANG_WARN_INT_CONVERSION = YES;
				CLANG_WARN_NON_LITERAL_NULL_CONVERSION = YES;
				CLANG_WARN_OBJC_IMPLICIT_RETAIN_SELF = YES;
				CLANG_WARN_OBJC_LITERAL_CONVERSION = YES;
				CLANG_WARN_OBJC_ROOT_CLASS = YES_ERROR;
				CLANG_WARN_RANGE_LOOP_ANALYSIS = YES;
				CLANG_WARN_STRICT_PROTOTYPES = YES;
				CLANG_WARN_SUSPICIOUS_MOVE = YES;
				CLANG_WARN_UNGUARDED_AVAILABILITY = YES_AGGRESSIVE;
				CLANG_WARN_UNREACHABLE_CODE = YES;
				CLANG_WARN__DUPLICATE_METHOD_MATCH = YES;
				COPY_PHASE_STRIP = NO;
				DEBUG_INFORMATION_FORMAT = dwarf;
				ENABLE_STRICT_OBJC_MSGSEND = YES;
				ENABLE_TESTABILITY = YES;
				GCC_C_LANGUAGE_STANDARD = gnu11;
				GCC_DYNAMIC_NO_PIC = NO;
				GCC_NO_COMMON_BLOCKS = YES;
				GCC_OPTIMIZATION_LEVEL = 0;
				GCC_PREPROCESSOR_DEFINITIONS = (
					"DEBUG=1",
					"$(inherited)",
				);
				GCC_WARN_64_TO_32_BIT_CONVERSION = YES;
				GCC_WARN_ABOUT_RETURN_TYPE = YES_ERROR;
				GCC_WARN_UNDECLARED_SELECTOR = YES;
				GCC_WARN_UNINITIALIZED_AUTOS = YES_AGGRESSIVE;
				GCC_WARN_UNUSED_FUNCTION = YES;
				GCC_WARN_UNUSED_VARIABLE = YES;
				IPHONEOS_DEPLOYMENT_TARGET = 13.1;
				MTL_ENABLE_DEBUG_INFO = INCLUDE_SOURCE;
				MTL_FAST_MATH = YES;
				ONLY_ACTIVE_ARCH = YES;
				SDKROOT = iphoneos;
				SWIFT_ACTIVE_COMPILATION_CONDITIONS = DEBUG;
				SWIFT_OPTIMIZATION_LEVEL = "-Onone";
			};
			name = Debug;
		};
		08FFAF67238690FF005D299E /* Release */ = {
			isa = XCBuildConfiguration;
			buildSettings = {
				ALWAYS_SEARCH_USER_PATHS = NO;
				CLANG_ANALYZER_NONNULL = YES;
				CLANG_ANALYZER_NUMBER_OBJECT_CONVERSION = YES_AGGRESSIVE;
				CLANG_CXX_LANGUAGE_STANDARD = "gnu++14";
				CLANG_CXX_LIBRARY = "libc++";
				CLANG_ENABLE_MODULES = YES;
				CLANG_ENABLE_OBJC_ARC = YES;
				CLANG_ENABLE_OBJC_WEAK = YES;
				CLANG_WARN_BLOCK_CAPTURE_AUTORELEASING = YES;
				CLANG_WARN_BOOL_CONVERSION = YES;
				CLANG_WARN_COMMA = YES;
				CLANG_WARN_CONSTANT_CONVERSION = YES;
				CLANG_WARN_DEPRECATED_OBJC_IMPLEMENTATIONS = YES;
				CLANG_WARN_DIRECT_OBJC_ISA_USAGE = YES_ERROR;
				CLANG_WARN_DOCUMENTATION_COMMENTS = YES;
				CLANG_WARN_EMPTY_BODY = YES;
				CLANG_WARN_ENUM_CONVERSION = YES;
				CLANG_WARN_INFINITE_RECURSION = YES;
				CLANG_WARN_INT_CONVERSION = YES;
				CLANG_WARN_NON_LITERAL_NULL_CONVERSION = YES;
				CLANG_WARN_OBJC_IMPLICIT_RETAIN_SELF = YES;
				CLANG_WARN_OBJC_LITERAL_CONVERSION = YES;
				CLANG_WARN_OBJC_ROOT_CLASS = YES_ERROR;
				CLANG_WARN_RANGE_LOOP_ANALYSIS = YES;
				CLANG_WARN_STRICT_PROTOTYPES = YES;
				CLANG_WARN_SUSPICIOUS_MOVE = YES;
				CLANG_WARN_UNGUARDED_AVAILABILITY = YES_AGGRESSIVE;
				CLANG_WARN_UNREACHABLE_CODE = YES;
				CLANG_WARN__DUPLICATE_METHOD_MATCH = YES;
				COPY_PHASE_STRIP = NO;
				DEBUG_INFORMATION_FORMAT = "dwarf-with-dsym";
				ENABLE_NS_ASSERTIONS = NO;
				ENABLE_STRICT_OBJC_MSGSEND = YES;
				GCC_C_LANGUAGE_STANDARD = gnu11;
				GCC_NO_COMMON_BLOCKS = YES;
				GCC_WARN_64_TO_32_BIT_CONVERSION = YES;
				GCC_WARN_ABOUT_RETURN_TYPE = YES_ERROR;
				GCC_WARN_UNDECLARED_SELECTOR = YES;
				GCC_WARN_UNINITIALIZED_AUTOS = YES_AGGRESSIVE;
				GCC_WARN_UNUSED_FUNCTION = YES;
				GCC_WARN_UNUSED_VARIABLE = YES;
				IPHONEOS_DEPLOYMENT_TARGET = 13.1;
				MTL_ENABLE_DEBUG_INFO = NO;
				MTL_FAST_MATH = YES;
				SDKROOT = iphoneos;
				SWIFT_COMPILATION_MODE = wholemodule;
				SWIFT_OPTIMIZATION_LEVEL = "-O";
				VALIDATE_PRODUCT = YES;
			};
			name = Release;
		};
		08FFAF69238690FF005D299E /* Debug */ = {
			isa = XCBuildConfiguration;
			baseConfigurationReference = 8A602ED426B9DA2547CE535F /* Pods-swiftdemo.debug.xcconfig */;
			buildSettings = {
				ASSETCATALOG_COMPILER_APPICON_NAME = AppIcon;
				CODE_SIGN_STYLE = Automatic;
				INFOPLIST_FILE = swiftdemo/Info.plist;
				LD_RUNPATH_SEARCH_PATHS = (
					"$(inherited)",
					"@executable_path/Frameworks",
				);
				PRODUCT_BUNDLE_IDENTIFIER = com.qf.com.swiftdemo;
				PRODUCT_NAME = "$(TARGET_NAME)";
				SWIFT_VERSION = 5.0;
				TARGETED_DEVICE_FAMILY = "1,2";
			};
			name = Debug;
		};
		08FFAF6A238690FF005D299E /* Release */ = {
			isa = XCBuildConfiguration;
			baseConfigurationReference = D5AFDA1DDAC18F39A3F12C53 /* Pods-swiftdemo.release.xcconfig */;
			buildSettings = {
				ASSETCATALOG_COMPILER_APPICON_NAME = AppIcon;
				CODE_SIGN_STYLE = Automatic;
				INFOPLIST_FILE = swiftdemo/Info.plist;
				LD_RUNPATH_SEARCH_PATHS = (
					"$(inherited)",
					"@executable_path/Frameworks",
				);
				PRODUCT_BUNDLE_IDENTIFIER = com.qf.com.swiftdemo;
				PRODUCT_NAME = "$(TARGET_NAME)";
				SWIFT_VERSION = 5.0;
				TARGETED_DEVICE_FAMILY = "1,2";
			};
			name = Release;
		};
/* End XCBuildConfiguration section */

/* Begin XCConfigurationList section */
		08FFAF4C238690FE005D299E /* Build configuration list for PBXProject "swiftdemo" */ = {
			isa = XCConfigurationList;
			buildConfigurations = (
				08FFAF66238690FF005D299E /* Debug */,
				08FFAF67238690FF005D299E /* Release */,
			);
			defaultConfigurationIsVisible = 0;
			defaultConfigurationName = Release;
		};
		08FFAF68238690FF005D299E /* Build configuration list for PBXNativeTarget "swiftdemo" */ = {
			isa = XCConfigurationList;
			buildConfigurations = (
				08FFAF69238690FF005D299E /* Debug */,
				08FFAF6A238690FF005D299E /* Release */,
			);
			defaultConfigurationIsVisible = 0;
			defaultConfigurationName = Release;
		};
/* End XCConfigurationList section */

/* Begin XCVersionGroup section */
		08FFAF5D238690FE005D299E /* swiftdemo.xcdatamodeld */ = {
			isa = XCVersionGroup;
			children = (
				08FFAF5E238690FE005D299E /* swiftdemo.xcdatamodel */,
			);
			currentVersion = 08FFAF5E238690FE005D299E /* swiftdemo.xcdatamodel */;
			path = swiftdemo.xcdatamodeld;
			sourceTree = "<group>";
			versionGroupType = wrapper.xcdatamodel;
		};
/* End XCVersionGroup section */
	};
	rootObject = 08FFAF49238690FE005D299E /* Project object */;
}
