// !$*UTF8*$!
{
	archiveVersion = 1;
	classes = {
	};
	objectVersion = 51;
	objects = {

/* Begin PBXBuildFile section */
		080C973524163773008073D4 /* MainViewController.swift in Sources */ = {isa = PBXBuildFile; fileRef = 080C973424163773008073D4 /* MainViewController.swift */; };
		080C97372416378C008073D4 /* UIKitViewController.swift in Sources */ = {isa = PBXBuildFile; fileRef = 080C97362416378C008073D4 /* UIKitViewController.swift */; };
		080C973924163797008073D4 /* UnitViewController.swift in Sources */ = {isa = PBXBuildFile; fileRef = 080C973824163797008073D4 /* UnitViewController.swift */; };
		084F473F23D4305F00E12729 /* TabBarViewController.swift in Sources */ = {isa = PBXBuildFile; fileRef = 084F473E23D4305F00E12729 /* TabBarViewController.swift */; };
		084F474123D4339A00E12729 /* AppConfig.swift in Sources */ = {isa = PBXBuildFile; fileRef = 084F474023D4339A00E12729 /* AppConfig.swift */; };
		084F474623D4362900E12729 /* DeviceExtension.swift in Sources */ = {isa = PBXBuildFile; fileRef = 084F474523D4362900E12729 /* DeviceExtension.swift */; };
		084F474823D4502800E12729 /* BaseNavViewController.swift in Sources */ = {isa = PBXBuildFile; fileRef = 084F474723D4502800E12729 /* BaseNavViewController.swift */; };
		084F474A23D45A5C00E12729 /* BaseViewController.swift in Sources */ = {isa = PBXBuildFile; fileRef = 084F474923D45A5C00E12729 /* BaseViewController.swift */; };
		084F474C23D45B5900E12729 /* CustomNavgationView.swift in Sources */ = {isa = PBXBuildFile; fileRef = 084F474B23D45B5900E12729 /* CustomNavgationView.swift */; };
		08AAC25B24F7A1E7000B3044 /* CountdownTimer.swift in Sources */ = {isa = PBXBuildFile; fileRef = 08AAC25A24F7A1E7000B3044 /* CountdownTimer.swift */; };
		08AAC25F24F7ABC0000B3044 /* ColorExtension.swift in Sources */ = {isa = PBXBuildFile; fileRef = 08AAC25E24F7ABC0000B3044 /* ColorExtension.swift */; };
		08AAC27224F7DE35000B3044 /* NetWorkingTool.swift in Sources */ = {isa = PBXBuildFile; fileRef = 08AAC27124F7DE35000B3044 /* NetWorkingTool.swift */; };
		08FFAF55238690FE005D299E /* AppDelegate.swift in Sources */ = {isa = PBXBuildFile; fileRef = 08FFAF54238690FE005D299E /* AppDelegate.swift */; };
		08FFAF57238690FE005D299E /* SceneDelegate.swift in Sources */ = {isa = PBXBuildFile; fileRef = 08FFAF56238690FE005D299E /* SceneDelegate.swift */; };
		08FFAF5C238690FE005D299E /* Main.storyboard in Resources */ = {isa = PBXBuildFile; fileRef = 08FFAF5A238690FE005D299E /* Main.storyboard */; };
		08FFAF5F238690FE005D299E /* swiftdemo.xcdatamodeld in Sources */ = {isa = PBXBuildFile; fileRef = 08FFAF5D238690FE005D299E /* swiftdemo.xcdatamodeld */; };
		08FFAF61238690FF005D299E /* Assets.xcassets in Resources */ = {isa = PBXBuildFile; fileRef = 08FFAF60238690FF005D299E /* Assets.xcassets */; };
		08FFAF64238690FF005D299E /* LaunchScreen.storyboard in Resources */ = {isa = PBXBuildFile; fileRef = 08FFAF62238690FF005D299E /* LaunchScreen.storyboard */; };
		117E7EA4B98D4E2638EA3CAE /* Pods_swiftdemo.framework in Frameworks */ = {isa = PBXBuildFile; fileRef = 3D5DDB2137813DE70D05200E /* Pods_swiftdemo.framework */; };
/* End PBXBuildFile section */

/* Begin PBXFileReference section */
		080C973424163773008073D4 /* MainViewController.swift */ = {isa = PBXFileReference; lastKnownFileType = sourcecode.swift; path = MainViewController.swift; sourceTree = "<group>"; };
		080C97362416378C008073D4 /* UIKitViewController.swift */ = {isa = PBXFileReference; lastKnownFileType = sourcecode.swift; path = UIKitViewController.swift; sourceTree = "<group>"; };
		080C973824163797008073D4 /* UnitViewController.swift */ = {isa = PBXFileReference; lastKnownFileType = sourcecode.swift; path = UnitViewController.swift; sourceTree = "<group>"; };
		084F473E23D4305F00E12729 /* TabBarViewController.swift */ = {isa = PBXFileReference; lastKnownFileType = sourcecode.swift; path = TabBarViewController.swift; sourceTree = "<group>"; };
		084F474023D4339A00E12729 /* AppConfig.swift */ = {isa = PBXFileReference; lastKnownFileType = sourcecode.swift; path = AppConfig.swift; sourceTree = "<group>"; };
		084F474523D4362900E12729 /* DeviceExtension.swift */ = {isa = PBXFileReference; lastKnownFileType = sourcecode.swift; path = DeviceExtension.swift; sourceTree = "<group>"; };
		084F474723D4502800E12729 /* BaseNavViewController.swift */ = {isa = PBXFileReference; lastKnownFileType = sourcecode.swift; path = BaseNavViewController.swift; sourceTree = "<group>"; };
		084F474923D45A5C00E12729 /* BaseViewController.swift */ = {isa = PBXFileReference; lastKnownFileType = sourcecode.swift; path = BaseViewController.swift; sourceTree = "<group>"; };
		084F474B23D45B5900E12729 /* CustomNavgationView.swift */ = {isa = PBXFileReference; lastKnownFileType = sourcecode.swift; path = CustomNavgationView.swift; sourceTree = "<group>"; };
		08AAC25A24F7A1E7000B3044 /* CountdownTimer.swift */ = {isa = PBXFileReference; lastKnownFileType = sourcecode.swift; path = CountdownTimer.swift; sourceTree = "<group>"; };
		08AAC25E24F7ABC0000B3044 /* ColorExtension.swift */ = {isa = PBXFileReference; lastKnownFileType = sourcecode.swift; path = ColorExtension.swift; sourceTree = "<group>"; };
		08AAC27124F7DE35000B3044 /* NetWorkingTool.swift */ = {isa = PBXFileReference; lastKnownFileType = sourcecode.swift; path = NetWorkingTool.swift; sourceTree = "<group>"; };
		08FFAF51238690FE005D299E /* swiftdemo.app */ = {isa = PBXFileReference; explicitFileType = wrapper.application; includeInIndex = 0; path = swiftdemo.app; sourceTree = BUILT_PRODUCTS_DIR; };
		08FFAF54238690FE005D299E /* AppDelegate.swift */ = {isa = PBXFileReference; lastKnownFileType = sourcecode.swift; path = AppDelegate.swift; sourceTree = "<group>"; };
		08FFAF56238690FE005D299E /* SceneDelegate.swift */ = {isa = PBXFileReference; lastKnownFileType = sourcecode.swift; path = SceneDelegate.swift; sourceTree = "<group>"; };
		08FFAF5B238690FE005D299E /* Base */ = {isa = PBXFileReference; lastKnownFileType = file.storyboard; name = Base; path = Base.lproj/Main.storyboard; sourceTree = "<group>"; };
		08FFAF5E238690FE005D299E /* swiftdemo.xcdatamodel */ = {isa = PBXFileReference; lastKnownFileType = wrapper.xcdatamodel; path = swiftdemo.xcdatamodel; sourceTree = "<group>"; };
		08FFAF60238690FF005D299E /* Assets.xcassets */ = {isa = PBXFileReference; lastKnownFileType = folder.assetcatalog; path = Assets.xcassets; sourceTree = "<group>"; };
		08FFAF63238690FF005D299E /* Base */ = {isa = PBXFileReference; lastKnownFileType = file.storyboard; name = Base; path = Base.lproj/LaunchScreen.storyboard; sourceTree = "<group>"; };
		08FFAF65238690FF005D299E /* Info.plist */ = {isa = PBXFileReference; lastKnownFileType = text.plist.xml; path = Info.plist; sourceTree = "<group>"; };
		3D5DDB2137813DE70D05200E /* Pods_swiftdemo.framework */ = {isa = PBXFileReference; explicitFileType = wrapper.framework; includeInIndex = 0; path = Pods_swiftdemo.framework; sourceTree = BUILT_PRODUCTS_DIR; };
		8A602ED426B9DA2547CE535F /* Pods-swiftdemo.debug.xcconfig */ = {isa = PBXFileReference; includeInIndex = 1; lastKnownFileType = text.xcconfig; name = "Pods-swiftdemo.debug.xcconfig"; path = "Target Support Files/Pods-swiftdemo/Pods-swiftdemo.debug.xcconfig"; sourceTree = "<group>"; };
		D5AFDA1DDAC18F39A3F12C53 /* Pods-swiftdemo.release.xcconfig */ = {isa = PBXFileReference; includeInIndex = 1; lastKnownFileType = text.xcconfig; name = "Pods-swiftdemo.release.xcconfig"; path = "Target Support Files/Pods-swiftdemo/Pods-swiftdemo.release.xcconfig"; sourceTree = "<group>"; };
/* End PBXFileReference section */

/* Begin PBXFrameworksBuildPhase section */
		08FFAF4E238690FE005D299E /* Frameworks */ = {
			isa = PBXFrameworksBuildPhase;
			buildActionMask = 2147483647;
			files = (
				117E7EA4B98D4E2638EA3CAE /* Pods_swiftdemo.framework in Frameworks */,
			);
			runOnlyForDeploymentPostprocessing = 0;
		};
/* End PBXFrameworksBuildPhase section */

/* Begin PBXGroup section */
		080C973324163731008073D4 /* VC */ = {
			isa = PBXGroup;
			children = (
				080C973424163773008073D4 /* MainViewController.swift */,
				080C97362416378C008073D4 /* UIKitViewController.swift */,
				080C973824163797008073D4 /* UnitViewController.swift */,
			);
			path = VC;
			sourceTree = "<group>";
		};
		084F473C23D42F7500E12729 /* BaseViewController */ = {
			isa = PBXGroup;
			children = (
				08AAC25724F7A0B7000B3044 /* 倒计时 */,
				080C973324163731008073D4 /* VC */,
				084F473D23D42F8900E12729 /* Components */,
			);
			path = BaseViewController;
			sourceTree = "<group>";
		};
		084F473D23D42F8900E12729 /* Components */ = {
			isa = PBXGroup;
			children = (
				084F473E23D4305F00E12729 /* TabBarViewController.swift */,
				084F474723D4502800E12729 /* BaseNavViewController.swift */,
				084F474923D45A5C00E12729 /* BaseViewController.swift */,
				084F474B23D45B5900E12729 /* CustomNavgationView.swift */,
			);
			path = Components;
			sourceTree = "<group>";
		};
		084F474223D4356200E12729 /* Utils */ = {
			isa = PBXGroup;
			children = (
				084F474523D4362900E12729 /* DeviceExtension.swift */,
				08AAC25E24F7ABC0000B3044 /* ColorExtension.swift */,
			);
			path = Utils;
			sourceTree = "<group>";
		};
		08AAC25724F7A0B7000B3044 /* 倒计时 */ = {
			isa = PBXGroup;
			children = (
				08AAC25A24F7A1E7000B3044 /* CountdownTimer.swift */,
			);
			path = "倒计时";
			sourceTree = "<group>";
		};
		08FFAF48238690FE005D299E = {
			isa = PBXGroup;
			children = (
				08FFAF53238690FE005D299E /* swiftdemo */,
				08FFAF52238690FE005D299E /* Products */,
				7BD08272BFC298DFE87883BC /* Pods */,
				A2E981E79A485E7D54A9F898 /* Frameworks */,
			);
			sourceTree = "<group>";
		};
		08FFAF52238690FE005D299E /* Products */ = {
			isa = PBXGroup;
			children = (
				08FFAF51238690FE005D299E /* swiftdemo.app */,
			);
			name = Products;
			sourceTree = "<group>";
		};
		08FFAF53238690FE005D299E /* swiftdemo */ = {
			isa = PBXGroup;
			children = (
				084F474223D4356200E12729 /* Utils */,
				084F474023D4339A00E12729 /* AppConfig.swift */,
				08AAC27124F7DE35000B3044 /* NetWorkingTool.swift */,
				084F473C23D42F7500E12729 /* BaseViewController */,
				08FFAF54238690FE005D299E /* AppDelegate.swift */,
				08FFAF56238690FE005D299E /* SceneDelegate.swift */,
				08FFAF5A238690FE005D299E /* Main.storyboard */,
				08FFAF60238690FF005D299E /* Assets.xcassets */,
				08FFAF62238690FF005D299E /* LaunchScreen.storyboard */,
				08FFAF65238690FF005D299E /* Info.plist */,
				08FFAF5D238690FE005D299E /* swiftdemo.xcdatamodeld */,
			);
			path = swiftdemo;
			sourceTree = "<group>";
		};
		7BD08272BFC298DFE87883BC /* Pods */ = {
			isa = PBXGroup;
			children = (
				8A602ED426B9DA2547CE535F /* Pods-swiftdemo.debug.xcconfig */,
				D5AFDA1DDAC18F39A3F12C53 /* Pods-swiftdemo.release.xcconfig */,
			);
			path = Pods;
			sourceTree = "<group>";
		};
		A2E981E79A485E7D54A9F898 /* Frameworks */ = {
			isa = PBXGroup;
			children = (
				3D5DDB2137813DE70D05200E /* Pods_swiftdemo.framework */,
			);
			name = Frameworks;
			sourceTree = "<group>";
		};
/* End PBXGroup section */

/* Begin PBXNativeTarget section */
		08FFAF50238690FE005D299E /* swiftdemo */ = {
			isa = PBXNativeTarget;
			buildConfigurationList = 08FFAF68238690FF005D299E /* Build configuration list for PBXNativeTarget "swiftdemo" */;
			buildPhases = (
				217433569E5C761CC94B0F8A /* [CP] Check Pods Manifest.lock */,
				08FFAF4D238690FE005D299E /* Sources */,
				08FFAF4E238690FE005D299E /* Frameworks */,
				08FFAF4F238690FE005D299E /* Resources */,
				4BEA4C41461F986D2783DD29 /* [CP] Embed Pods Frameworks */,
			);
			buildRules = (
			);
			dependencies = (
			);
			name = swiftdemo;
			productName = swiftdemo;
			productReference = 08FFAF51238690FE005D299E /* swiftdemo.app */;
			productType = "com.apple.product-type.application";
		};
/* End PBXNativeTarget section */

/* Begin PBXProject section */
		08FFAF49238690FE005D299E /* Project object */ = {
			isa = PBXProject;
			attributes = {
				LastSwiftUpdateCheck = 1110;
				LastUpgradeCheck = 1110;
				ORGANIZATIONNAME = qf;
				TargetAttributes = {
					08FFAF50238690FE005D299E = {
						CreatedOnToolsVersion = 11.1;
					};
				};
			};
			buildConfigurationList = 08FFAF4C238690FE005D299E /* Build configuration list for PBXProject "swiftdemo" */;
			compatibilityVersion = "Xcode 9.3";
			developmentRegion = en;
			hasScannedForEncodings = 0;
			knownRegions = (
				en,
				Base,
			);
			mainGroup = 08FFAF48238690FE005D299E;
			productRefGroup = 08FFAF52238690FE005D299E /* Products */;
			projectDirPath = "";
			projectRoot = "";
			targets = (
				08FFAF50238690FE005D299E /* swiftdemo */,
			);
		};
/* End PBXProject section */

/* Begin PBXResourcesBuildPhase section */
		08FFAF4F238690FE005D299E /* Resources */ = {
			isa = PBXResourcesBuildPhase;
			buildActionMask = 2147483647;
			files = (
				08FFAF64238690FF005D299E /* LaunchScreen.storyboard in Resources */,
				08FFAF61238690FF005D299E /* Assets.xcassets in Resources */,
				08FFAF5C238690FE005D299E /* Main.storyboard in Resources */,
			);
			runOnlyForDeploymentPostprocessing = 0;
		};
/* End PBXResourcesBuildPhase section */

/* Begin PBXShellScriptBuildPhase section */
		217433569E5C761CC94B0F8A /* [CP] Check Pods Manifest.lock */ = {
			isa = PBXShellScriptBuildPhase;
			buildActionMask = 2147483647;
			files = (
			);
			inputFileListPaths = (
			);
			inputPaths = (
				"${PODS_PODFILE_DIR_PATH}/Podfile.lock",
				"${PODS_ROOT}/Manifest.lock",
			);
			name = "[CP] Check Pods Manifest.lock";
			outputFileListPaths = (
			);
			outputPaths = (
				"$(DERIVED_FILE_DIR)/Pods-swiftdemo-checkManifestLockResult.txt",
			);
			runOnlyForDeploymentPostprocessing = 0;
			shellPath = /bin/sh;
			shellScript = "diff \"${PODS_PODFILE_DIR_PATH}/Podfile.lock\" \"${PODS_ROOT}/Manifest.lock\" > /dev/null\nif [ $? != 0 ] ; then\n    # print error to STDERR\n    echo \"error: The sandbox is not in sync with the Podfile.lock. Run 'pod install' or update your CocoaPods installation.\" >&2\n    exit 1\nfi\n# This output is used by Xcode 'outputs' to avoid re-running this script phase.\necho \"SUCCESS\" > \"${SCRIPT_OUTPUT_FILE_0}\"\n";
			showEnvVarsInLog = 0;
		};
		4BEA4C41461F986D2783DD29 /* [CP] Embed Pods Frameworks */ = {
			isa = PBXShellScriptBuildPhase;
			buildActionMask = 2147483647;
			files = (
			);
			inputFileListPaths = (
				"${PODS_ROOT}/Target Support Files/Pods-swiftdemo/Pods-swiftdemo-frameworks-${CONFIGURATION}-input-files.xcfilelist",
			);
			name = "[CP] Embed Pods Frameworks";
			outputFileListPaths = (
				"${PODS_ROOT}/Target Support Files/Pods-swiftdemo/Pods-swiftdemo-frameworks-${CONFIGURATION}-output-files.xcfilelist",
			);
			runOnlyForDeploymentPostprocessing = 0;
			shellPath = /bin/sh;
			shellScript = "\"${PODS_ROOT}/Target Support Files/Pods-swiftdemo/Pods-swiftdemo-frameworks.sh\"\n";
			showEnvVarsInLog = 0;
		};
/* End PBXShellScriptBuildPhase section */

/* Begin PBXSourcesBuildPhase section */
		08FFAF4D238690FE005D299E /* Sources */ = {
			isa = PBXSourcesBuildPhase;
			buildActionMask = 2147483647;
			files = (
				08AAC27224F7DE35000B3044 /* NetWorkingTool.swift in Sources */,
				08AAC25B24F7A1E7000B3044 /* CountdownTimer.swift in Sources */,
				08FFAF5F238690FE005D299E /* swiftdemo.xcdatamodeld in Sources */,
				080C973524163773008073D4 /* MainViewController.swift in Sources */,
				08FFAF55238690FE005D299E /* AppDelegate.swift in Sources */,
				080C973924163797008073D4 /* UnitViewController.swift in Sources */,
				08AAC25F24F7ABC0000B3044 /* ColorExtension.swift in Sources */,
				084F474C23D45B5900E12729 /* CustomNavgationView.swift in Sources */,
				080C97372416378C008073D4 /* UIKitViewController.swift in Sources */,
				084F474123D4339A00E12729 /* AppConfig.swift in Sources */,
				084F473F23D4305F00E12729 /* TabBarViewController.swift in Sources */,
				084F474A23D45A5C00E12729 /* BaseViewController.swift in Sources */,
				084F474823D4502800E12729 /* BaseNavViewController.swift in Sources */,
				08FFAF57238690FE005D299E /* SceneDelegate.swift in Sources */,
				084F474623D4362900E12729 /* DeviceExtension.swift in Sources */,
			);
			runOnlyForDeploymentPostprocessing = 0;
		};
/* End PBXSourcesBuildPhase section */

/* Begin PBXVariantGroup section */
		08FFAF5A238690FE005D299E /* Main.storyboard */ = {
			isa = PBXVariantGroup;
			children = (
				08FFAF5B238690FE005D299E /* Base */,
			);
			name = Main.storyboard;
			sourceTree = "<group>";
		};
		08FFAF62238690FF005D299E /* LaunchScreen.storyboard */ = {
			isa = PBXVariantGroup;
			children = (
				08FFAF63238690FF005D299E /* Base */,
			);
			name = LaunchScreen.storyboard;
			sourceTree = "<group>";
		};
/* End PBXVariantGroup section */

/* Begin XCBuildConfiguration section */
		08FFAF66238690FF005D299E /* Debug */ = {
			isa = XCBuildConfiguration;
			buildSettings = {
				ALWAYS_SEARCH_USER_PATHS = NO;
				CLANG_ANALYZER_NONNULL = YES;
				CLANG_ANALYZER_NUMBER_OBJECT_CONVERSION = YES_AGGRESSIVE;
				CLANG_CXX_LANGUAGE_STANDARD = "gnu++14";
				CLANG_CXX_LIBRARY = "libc++";
				CLANG_ENABLE_MODULES = YES;
				CLANG_ENABLE_OBJC_ARC = YES;
				CLANG_ENABLE_OBJC_WEAK = YES;
				CLANG_WARN_BLOCK_CAPTURE_AUTORELEASING = YES;
				CLANG_WARN_BOOL_CONVERSION = YES;
				CLANG_WARN_COMMA = YES;
				CLANG_WARN_CONSTANT_CONVERSION = YES;
				CLANG_WARN_DEPRECATED_OBJC_IMPLEMENTATIONS = YES;
				CLANG_WARN_DIRECT_OBJC_ISA_USAGE = YES_ERROR;
				CLANG_WARN_DOCUMENTATION_COMMENTS = YES;
				CLANG_WARN_EMPTY_BODY = YES;
				CLANG_WARN_ENUM_CONVERSION = YES;
				CLANG_WARN_INFINITE_RECURSION = YES;
				CLANG_WARN_INT_CONVERSION = YES;
				CLANG_WARN_NON_LITERAL_NULL_CONVERSION = YES;
				CLANG_WARN_OBJC_IMPLICIT_RETAIN_SELF = YES;
				CLANG_WARN_OBJC_LITERAL_CONVERSION = YES;
				CLANG_WARN_OBJC_ROOT_CLASS = YES_ERROR;
				CLANG_WARN_RANGE_LOOP_ANALYSIS = YES;
				CLANG_WARN_STRICT_PROTOTYPES = YES;
				CLANG_WARN_SUSPICIOUS_MOVE = YES;
				CLANG_WARN_UNGUARDED_AVAILABILITY = YES_AGGRESSIVE;
				CLANG_WARN_UNREACHABLE_CODE = YES;
				CLANG_WARN__DUPLICATE_METHOD_MATCH = YES;
				COPY_PHASE_STRIP = NO;
				DEBUG_INFORMATION_FORMAT = dwarf;
				ENABLE_STRICT_OBJC_MSGSEND = YES;
				ENABLE_TESTABILITY = YES;
				GCC_C_LANGUAGE_STANDARD = gnu11;
				GCC_DYNAMIC_NO_PIC = NO;
				GCC_NO_COMMON_BLOCKS = YES;
				GCC_OPTIMIZATION_LEVEL = 0;
				GCC_PREPROCESSOR_DEFINITIONS = (
					"DEBUG=1",
					"$(inherited)",
				);
				GCC_WARN_64_TO_32_BIT_CONVERSION = YES;
				GCC_WARN_ABOUT_RETURN_TYPE = YES_ERROR;
				GCC_WARN_UNDECLARED_SELECTOR = YES;
				GCC_WARN_UNINITIALIZED_AUTOS = YES_AGGRESSIVE;
				GCC_WARN_UNUSED_FUNCTION = YES;
				GCC_WARN_UNUSED_VARIABLE = YES;
				IPHONEOS_DEPLOYMENT_TARGET = 13.1;
				MTL_ENABLE_DEBUG_INFO = INCLUDE_SOURCE;
				MTL_FAST_MATH = YES;
				ONLY_ACTIVE_ARCH = YES;
				SDKROOT = iphoneos;
				SWIFT_ACTIVE_COMPILATION_CONDITIONS = DEBUG;
				SWIFT_OPTIMIZATION_LEVEL = "-Onone";
			};
			name = Debug;
		};
		08FFAF67238690FF005D299E /* Release */ = {
			isa = XCBuildConfiguration;
			buildSettings = {
				ALWAYS_SEARCH_USER_PATHS = NO;
				CLANG_ANALYZER_NONNULL = YES;
				CLANG_ANALYZER_NUMBER_OBJECT_CONVERSION = YES_AGGRESSIVE;
				CLANG_CXX_LANGUAGE_STANDARD = "gnu++14";
				CLANG_CXX_LIBRARY = "libc++";
				CLANG_ENABLE_MODULES = YES;
				CLANG_ENABLE_OBJC_ARC = YES;
				CLANG_ENABLE_OBJC_WEAK = YES;
				CLANG_WARN_BLOCK_CAPTURE_AUTORELEASING = YES;
				CLANG_WARN_BOOL_CONVERSION = YES;
				CLANG_WARN_COMMA = YES;
				CLANG_WARN_CONSTANT_CONVERSION = YES;
				CLANG_WARN_DEPRECATED_OBJC_IMPLEMENTATIONS = YES;
				CLANG_WARN_DIRECT_OBJC_ISA_USAGE = YES_ERROR;
				CLANG_WARN_DOCUMENTATION_COMMENTS = YES;
				CLANG_WARN_EMPTY_BODY = YES;
				CLANG_WARN_ENUM_CONVERSION = YES;
				CLANG_WARN_INFINITE_RECURSION = YES;
				CLANG_WARN_INT_CONVERSION = YES;
				CLANG_WARN_NON_LITERAL_NULL_CONVERSION = YES;
				CLANG_WARN_OBJC_IMPLICIT_RETAIN_SELF = YES;
				CLANG_WARN_OBJC_LITERAL_CONVERSION = YES;
				CLANG_WARN_OBJC_ROOT_CLASS = YES_ERROR;
				CLANG_WARN_RANGE_LOOP_ANALYSIS = YES;
				CLANG_WARN_STRICT_PROTOTYPES = YES;
				CLANG_WARN_SUSPICIOUS_MOVE = YES;
				CLANG_WARN_UNGUARDED_AVAILABILITY = YES_AGGRESSIVE;
				CLANG_WARN_UNREACHABLE_CODE = YES;
				CLANG_WARN__DUPLICATE_METHOD_MATCH = YES;
				COPY_PHASE_STRIP = NO;
				DEBUG_INFORMATION_FORMAT = "dwarf-with-dsym";
				ENABLE_NS_ASSERTIONS = NO;
				ENABLE_STRICT_OBJC_MSGSEND = YES;
				GCC_C_LANGUAGE_STANDARD = gnu11;
				GCC_NO_COMMON_BLOCKS = YES;
				GCC_WARN_64_TO_32_BIT_CONVERSION = YES;
				GCC_WARN_ABOUT_RETURN_TYPE = YES_ERROR;
				GCC_WARN_UNDECLARED_SELECTOR = YES;
				GCC_WARN_UNINITIALIZED_AUTOS = YES_AGGRESSIVE;
				GCC_WARN_UNUSED_FUNCTION = YES;
				GCC_WARN_UNUSED_VARIABLE = YES;
				IPHONEOS_DEPLOYMENT_TARGET = 13.1;
				MTL_ENABLE_DEBUG_INFO = NO;
				MTL_FAST_MATH = YES;
				SDKROOT = iphoneos;
				SWIFT_COMPILATION_MODE = wholemodule;
				SWIFT_OPTIMIZATION_LEVEL = "-O";
				VALIDATE_PRODUCT = YES;
			};
			name = Release;
		};
		08FFAF69238690FF005D299E /* Debug */ = {
			isa = XCBuildConfiguration;
			baseConfigurationReference = 8A602ED426B9DA2547CE535F /* Pods-swiftdemo.debug.xcconfig */;
			buildSettings = {
				ASSETCATALOG_COMPILER_APPICON_NAME = AppIcon;
				CODE_SIGN_STYLE = Automatic;
				INFOPLIST_FILE = swiftdemo/Info.plist;
				LD_RUNPATH_SEARCH_PATHS = (
					"$(inherited)",
					"@executable_path/Frameworks",
				);
				PRODUCT_BUNDLE_IDENTIFIER = com.qf.com.swiftdemo;
				PRODUCT_NAME = "$(TARGET_NAME)";
				SWIFT_VERSION = 5.0;
				TARGETED_DEVICE_FAMILY = "1,2";
			};
			name = Debug;
		};
		08FFAF6A238690FF005D299E /* Release */ = {
			isa = XCBuildConfiguration;
			baseConfigurationReference = D5AFDA1DDAC18F39A3F12C53 /* Pods-swiftdemo.release.xcconfig */;
			buildSettings = {
				ASSETCATALOG_COMPILER_APPICON_NAME = AppIcon;
				CODE_SIGN_STYLE = Automatic;
				INFOPLIST_FILE = swiftdemo/Info.plist;
				LD_RUNPATH_SEARCH_PATHS = (
					"$(inherited)",
					"@executable_path/Frameworks",
				);
				PRODUCT_BUNDLE_IDENTIFIER = com.qf.com.swiftdemo;
				PRODUCT_NAME = "$(TARGET_NAME)";
				SWIFT_VERSION = 5.0;
				TARGETED_DEVICE_FAMILY = "1,2";
			};
			name = Release;
		};
/* End XCBuildConfiguration section */

/* Begin XCConfigurationList section */
		08FFAF4C238690FE005D299E /* Build configuration list for PBXProject "swiftdemo" */ = {
			isa = XCConfigurationList;
			buildConfigurations = (
				08FFAF66238690FF005D299E /* Debug */,
				08FFAF67238690FF005D299E /* Release */,
			);
			defaultConfigurationIsVisible = 0;
			defaultConfigurationName = Release;
		};
		08FFAF68238690FF005D299E /* Build configuration list for PBXNativeTarget "swiftdemo" */ = {
			isa = XCConfigurationList;
			buildConfigurations = (
				08FFAF69238690FF005D299E /* Debug */,
				08FFAF6A238690FF005D299E /* Release */,
			);
			defaultConfigurationIsVisible = 0;
			defaultConfigurationName = Release;
		};
/* End XCConfigurationList section */

/* Begin XCVersionGroup section */
		08FFAF5D238690FE005D299E /* swiftdemo.xcdatamodeld */ = {
			isa = XCVersionGroup;
			children = (
				08FFAF5E238690FE005D299E /* swiftdemo.xcdatamodel */,
			);
			currentVersion = 08FFAF5E238690FE005D299E /* swiftdemo.xcdatamodel */;
			path = swiftdemo.xcdatamodeld;
			sourceTree = "<group>";
			versionGroupType = wrapper.xcdatamodel;
		};
/* End XCVersionGroup section */
	};
	rootObject = 08FFAF49238690FE005D299E /* Project object */;
}
